// !$*UTF8*$!
{
	archiveVersion = 1;
	classes = {
	};
	objectVersion = 46;
	objects = {

/* Begin PBXBuildFile section */
		456F8B801E2A85F800F7EC4C /* UNUSED_RustCompilerDataStructures.swift in Sources */ = {isa = PBXBuildFile; fileRef = 456F8B7F1E2A85F800F7EC4C /* UNUSED_RustCompilerDataStructures.swift */; };
		456F8B8C1E2A867A00F7EC4C /* Editor6ServicesTests.swift in Sources */ = {isa = PBXBuildFile; fileRef = 456F8B8B1E2A867A00F7EC4C /* Editor6ServicesTests.swift */; };
		456F8B8E1E2A867A00F7EC4C /* Editor6Services.framework in Frameworks */ = {isa = PBXBuildFile; fileRef = 45C2828F1E103C1300BE84AF /* Editor6Services.framework */; };
		45C282941E103C1300BE84AF /* Editor6Services.h in Headers */ = {isa = PBXBuildFile; fileRef = 45C282921E103C1300BE84AF /* Editor6Services.h */; settings = {ATTRIBUTES = (Public, ); }; };
		45D5F2C61EDE0FD3009691ED /* Cargo.swift in Sources */ = {isa = PBXBuildFile; fileRef = 45D5F2A61EDE0FD3009691ED /* Cargo.swift */; };
		45D5F2C71EDE0FD3009691ED /* RLS.swift in Sources */ = {isa = PBXBuildFile; fileRef = 45D5F2A91EDE0FD3009691ED /* RLS.swift */; };
		45D5F2C81EDE0FD3009691ED /* CargoDTO.swift in Sources */ = {isa = PBXBuildFile; fileRef = 45D5F2AD1EDE0FD3009691ED /* CargoDTO.swift */; };
		45D5F2C91EDE0FD3009691ED /* CargoJSONCoding.swift in Sources */ = {isa = PBXBuildFile; fileRef = 45D5F2AE1EDE0FD3009691ED /* CargoJSONCoding.swift */; };
		45D5F2CA1EDE0FD3009691ED /* JSONCodingSupport.swift in Sources */ = {isa = PBXBuildFile; fileRef = 45D5F2AF1EDE0FD3009691ED /* JSONCodingSupport.swift */; };
		45D5F2CB1EDE0FD3009691ED /* RustCompilerDTO.swift in Sources */ = {isa = PBXBuildFile; fileRef = 45D5F2B01EDE0FD3009691ED /* RustCompilerDTO.swift */; };
		45D5F2CC1EDE0FD3009691ED /* SemverDTO.swift in Sources */ = {isa = PBXBuildFile; fileRef = 45D5F2B11EDE0FD3009691ED /* SemverDTO.swift */; };
		45D5F2CD1EDE0FD3009691ED /* SemverJSONCoding.swift in Sources */ = {isa = PBXBuildFile; fileRef = 45D5F2B21EDE0FD3009691ED /* SemverJSONCoding.swift */; };
		45D5F2CE1EDE0FD3009691ED /* ADHOC_TextLineBashSubprocess.swift in Sources */ = {isa = PBXBuildFile; fileRef = 45D5F2B71EDE0FD3009691ED /* ADHOC_TextLineBashSubprocess.swift */; };
		45D5F2CF1EDE0FD3009691ED /* Subprocess2.swift in Sources */ = {isa = PBXBuildFile; fileRef = 45D5F2B81EDE0FD3009691ED /* Subprocess2.swift */; };
		45D5F2D01EDE0FD3009691ED /* Editor6ThreadChannel.swift in Sources */ = {isa = PBXBuildFile; fileRef = 45D5F2BA1EDE0FD3009691ED /* Editor6ThreadChannel.swift */; };
		45D5F2D11EDE0FD3009691ED /* Editor6ThreadSemaphore.swift in Sources */ = {isa = PBXBuildFile; fileRef = 45D5F2BB1EDE0FD3009691ED /* Editor6ThreadSemaphore.swift */; };
		45D5F2D21EDE0FD3009691ED /* Flow.swift in Sources */ = {isa = PBXBuildFile; fileRef = 45D5F2BC1EDE0FD3009691ED /* Flow.swift */; };
		45D5F2D31EDE0FD3009691ED /* LineReader.swift in Sources */ = {isa = PBXBuildFile; fileRef = 45D5F2BD1EDE0FD3009691ED /* LineReader.swift */; };
		45D5F2D41EDE0FD3009691ED /* LineWriter.swift in Sources */ = {isa = PBXBuildFile; fileRef = 45D5F2BE1EDE0FD3009691ED /* LineWriter.swift */; };
		45D5F2D51EDE0FD3009691ED /* MARK_resultUndefined.swift in Sources */ = {isa = PBXBuildFile; fileRef = 45D5F2BF1EDE0FD3009691ED /* MARK_resultUndefined.swift */; };
		45D5F2D61EDE0FD3009691ED /* Mutation.swift in Sources */ = {isa = PBXBuildFile; fileRef = 45D5F2C01EDE0FD3009691ED /* Mutation.swift */; };
		45D5F2D71EDE0FD3009691ED /* Queue.swift in Sources */ = {isa = PBXBuildFile; fileRef = 45D5F2C11EDE0FD3009691ED /* Queue.swift */; };
		45D5F2D81EDE0FD3009691ED /* Swift.Array+.swift in Sources */ = {isa = PBXBuildFile; fileRef = 45D5F2C21EDE0FD3009691ED /* Swift.Array+.swift */; };
		45D5F2D91EDE0FD3009691ED /* ThreadChecker.swift in Sources */ = {isa = PBXBuildFile; fileRef = 45D5F2C31EDE0FD3009691ED /* ThreadChecker.swift */; };
		45D5F2DA1EDE0FD3009691ED /* UNUSED_DeferableStateContainer.swift in Sources */ = {isa = PBXBuildFile; fileRef = 45D5F2C41EDE0FD3009691ED /* UNUSED_DeferableStateContainer.swift */; };
		45D5F2DB1EDE0FD3009691ED /* UNUSED_DeferredFlow.swift in Sources */ = {isa = PBXBuildFile; fileRef = 45D5F2C51EDE0FD3009691ED /* UNUSED_DeferredFlow.swift */; };
		45D5F3171EDEDEC1009691ED /* Editor6Common.framework in Frameworks */ = {isa = PBXBuildFile; fileRef = 45C282A01E103C3100BE84AF /* Editor6Common.framework */; };
		45D62D0A1EDA03A7009C0E69 /* Services.swift in Sources */ = {isa = PBXBuildFile; fileRef = 45D62D091EDA03A7009C0E69 /* Services.swift */; };
/* End PBXBuildFile section */

/* Begin PBXContainerItemProxy section */
		456F8B8F1E2A867A00F7EC4C /* PBXContainerItemProxy */ = {
			isa = PBXContainerItemProxy;
			containerPortal = 45C282861E103C1300BE84AF /* Project object */;
			proxyType = 1;
			remoteGlobalIDString = 45C2828E1E103C1300BE84AF;
			remoteInfo = Editor6Services;
		};
		45C2829F1E103C3100BE84AF /* PBXContainerItemProxy */ = {
			isa = PBXContainerItemProxy;
			containerPortal = 45C2829B1E103C3100BE84AF /* Editor6Common.xcodeproj */;
			proxyType = 2;
			remoteGlobalIDString = 45185ED51DA93A0D00C4D86D;
			remoteInfo = Editor6Common;
		};
		45D64CA61ED9FE96008E608E /* PBXContainerItemProxy */ = {
			isa = PBXContainerItemProxy;
			containerPortal = 45C2829B1E103C3100BE84AF /* Editor6Common.xcodeproj */;
			proxyType = 2;
			remoteGlobalIDString = 459107801E6C8CC60034E61F;
			remoteInfo = Editor6CommonUnitTests;
		};
/* End PBXContainerItemProxy section */

/* Begin PBXFileReference section */
		456F8B7F1E2A85F800F7EC4C /* UNUSED_RustCompilerDataStructures.swift */ = {isa = PBXFileReference; fileEncoding = 4; lastKnownFileType = sourcecode.swift; path = UNUSED_RustCompilerDataStructures.swift; sourceTree = "<group>"; };
		456F8B891E2A867A00F7EC4C /* Editor6ServicesTests.xctest */ = {isa = PBXFileReference; explicitFileType = wrapper.cfbundle; includeInIndex = 0; path = Editor6ServicesTests.xctest; sourceTree = BUILT_PRODUCTS_DIR; };
		456F8B8B1E2A867A00F7EC4C /* Editor6ServicesTests.swift */ = {isa = PBXFileReference; lastKnownFileType = sourcecode.swift; path = Editor6ServicesTests.swift; sourceTree = "<group>"; };
		456F8B8D1E2A867A00F7EC4C /* Info.plist */ = {isa = PBXFileReference; lastKnownFileType = text.plist.xml; path = Info.plist; sourceTree = "<group>"; };
		45C2828F1E103C1300BE84AF /* Editor6Services.framework */ = {isa = PBXFileReference; explicitFileType = wrapper.framework; includeInIndex = 0; path = Editor6Services.framework; sourceTree = BUILT_PRODUCTS_DIR; };
		45C282921E103C1300BE84AF /* Editor6Services.h */ = {isa = PBXFileReference; lastKnownFileType = sourcecode.c.h; path = Editor6Services.h; sourceTree = "<group>"; };
		45C282931E103C1300BE84AF /* Info.plist */ = {isa = PBXFileReference; lastKnownFileType = text.plist.xml; path = Info.plist; sourceTree = "<group>"; };
		45C2829B1E103C3100BE84AF /* Editor6Common.xcodeproj */ = {isa = PBXFileReference; lastKnownFileType = "wrapper.pb-project"; name = Editor6Common.xcodeproj; path = ../Editor6Common/Editor6Common.xcodeproj; sourceTree = "<group>"; };
		45D5F2A61EDE0FD3009691ED /* Cargo.swift */ = {isa = PBXFileReference; fileEncoding = 4; lastKnownFileType = sourcecode.swift; path = Cargo.swift; sourceTree = "<group>"; };
		45D5F2A91EDE0FD3009691ED /* RLS.swift */ = {isa = PBXFileReference; fileEncoding = 4; lastKnownFileType = sourcecode.swift; path = RLS.swift; sourceTree = "<group>"; };
		45D5F2AD1EDE0FD3009691ED /* CargoDTO.swift */ = {isa = PBXFileReference; fileEncoding = 4; lastKnownFileType = sourcecode.swift; path = CargoDTO.swift; sourceTree = "<group>"; };
		45D5F2AE1EDE0FD3009691ED /* CargoJSONCoding.swift */ = {isa = PBXFileReference; fileEncoding = 4; lastKnownFileType = sourcecode.swift; path = CargoJSONCoding.swift; sourceTree = "<group>"; };
		45D5F2AF1EDE0FD3009691ED /* JSONCodingSupport.swift */ = {isa = PBXFileReference; fileEncoding = 4; lastKnownFileType = sourcecode.swift; path = JSONCodingSupport.swift; sourceTree = "<group>"; };
		45D5F2B01EDE0FD3009691ED /* RustCompilerDTO.swift */ = {isa = PBXFileReference; fileEncoding = 4; lastKnownFileType = sourcecode.swift; path = RustCompilerDTO.swift; sourceTree = "<group>"; };
		45D5F2B11EDE0FD3009691ED /* SemverDTO.swift */ = {isa = PBXFileReference; fileEncoding = 4; lastKnownFileType = sourcecode.swift; path = SemverDTO.swift; sourceTree = "<group>"; };
		45D5F2B21EDE0FD3009691ED /* SemverJSONCoding.swift */ = {isa = PBXFileReference; fileEncoding = 4; lastKnownFileType = sourcecode.swift; path = SemverJSONCoding.swift; sourceTree = "<group>"; };
		45D5F2B71EDE0FD3009691ED /* ADHOC_TextLineBashSubprocess.swift */ = {isa = PBXFileReference; fileEncoding = 4; lastKnownFileType = sourcecode.swift; path = ADHOC_TextLineBashSubprocess.swift; sourceTree = "<group>"; };
		45D5F2B81EDE0FD3009691ED /* Subprocess2.swift */ = {isa = PBXFileReference; fileEncoding = 4; lastKnownFileType = sourcecode.swift; path = Subprocess2.swift; sourceTree = "<group>"; };
		45D5F2BA1EDE0FD3009691ED /* Editor6ThreadChannel.swift */ = {isa = PBXFileReference; fileEncoding = 4; lastKnownFileType = sourcecode.swift; path = Editor6ThreadChannel.swift; sourceTree = "<group>"; };
		45D5F2BB1EDE0FD3009691ED /* Editor6ThreadSemaphore.swift */ = {isa = PBXFileReference; fileEncoding = 4; lastKnownFileType = sourcecode.swift; path = Editor6ThreadSemaphore.swift; sourceTree = "<group>"; };
		45D5F2BC1EDE0FD3009691ED /* Flow.swift */ = {isa = PBXFileReference; fileEncoding = 4; lastKnownFileType = sourcecode.swift; path = Flow.swift; sourceTree = "<group>"; };
		45D5F2BD1EDE0FD3009691ED /* LineReader.swift */ = {isa = PBXFileReference; fileEncoding = 4; lastKnownFileType = sourcecode.swift; path = LineReader.swift; sourceTree = "<group>"; };
		45D5F2BE1EDE0FD3009691ED /* LineWriter.swift */ = {isa = PBXFileReference; fileEncoding = 4; lastKnownFileType = sourcecode.swift; path = LineWriter.swift; sourceTree = "<group>"; };
		45D5F2BF1EDE0FD3009691ED /* MARK_resultUndefined.swift */ = {isa = PBXFileReference; fileEncoding = 4; lastKnownFileType = sourcecode.swift; path = MARK_resultUndefined.swift; sourceTree = "<group>"; };
		45D5F2C01EDE0FD3009691ED /* Mutation.swift */ = {isa = PBXFileReference; fileEncoding = 4; lastKnownFileType = sourcecode.swift; path = Mutation.swift; sourceTree = "<group>"; };
		45D5F2C11EDE0FD3009691ED /* Queue.swift */ = {isa = PBXFileReference; fileEncoding = 4; lastKnownFileType = sourcecode.swift; path = Queue.swift; sourceTree = "<group>"; };
		45D5F2C21EDE0FD3009691ED /* Swift.Array+.swift */ = {isa = PBXFileReference; fileEncoding = 4; lastKnownFileType = sourcecode.swift; path = "Swift.Array+.swift"; sourceTree = "<group>"; };
		45D5F2C31EDE0FD3009691ED /* ThreadChecker.swift */ = {isa = PBXFileReference; fileEncoding = 4; lastKnownFileType = sourcecode.swift; path = ThreadChecker.swift; sourceTree = "<group>"; };
		45D5F2C41EDE0FD3009691ED /* UNUSED_DeferableStateContainer.swift */ = {isa = PBXFileReference; fileEncoding = 4; lastKnownFileType = sourcecode.swift; path = UNUSED_DeferableStateContainer.swift; sourceTree = "<group>"; };
		45D5F2C51EDE0FD3009691ED /* UNUSED_DeferredFlow.swift */ = {isa = PBXFileReference; fileEncoding = 4; lastKnownFileType = sourcecode.swift; path = UNUSED_DeferredFlow.swift; sourceTree = "<group>"; };
		45D62D091EDA03A7009C0E69 /* Services.swift */ = {isa = PBXFileReference; fileEncoding = 4; lastKnownFileType = sourcecode.swift; path = Services.swift; sourceTree = "<group>"; };
		45D64CE31ED9FFE2008E608E /* Debug.xcconfig */ = {isa = PBXFileReference; lastKnownFileType = text.xcconfig; path = Debug.xcconfig; sourceTree = "<group>"; };
		45D64CE41ED9FFE2008E608E /* Release.xcconfig */ = {isa = PBXFileReference; lastKnownFileType = text.xcconfig; path = Release.xcconfig; sourceTree = "<group>"; };
/* End PBXFileReference section */

/* Begin PBXFrameworksBuildPhase section */
		456F8B861E2A867A00F7EC4C /* Frameworks */ = {
			isa = PBXFrameworksBuildPhase;
			buildActionMask = 2147483647;
			files = (
				456F8B8E1E2A867A00F7EC4C /* Editor6Services.framework in Frameworks */,
			);
			runOnlyForDeploymentPostprocessing = 0;
		};
		45C2828B1E103C1300BE84AF /* Frameworks */ = {
			isa = PBXFrameworksBuildPhase;
			buildActionMask = 2147483647;
			files = (
				45D5F3171EDEDEC1009691ED /* Editor6Common.framework in Frameworks */,
			);
			runOnlyForDeploymentPostprocessing = 0;
		};
/* End PBXFrameworksBuildPhase section */

/* Begin PBXGroup section */
		456F8B8A1E2A867A00F7EC4C /* Editor6ServicesTests */ = {
			isa = PBXGroup;
			children = (
				456F8B8B1E2A867A00F7EC4C /* Editor6ServicesTests.swift */,
				456F8B8D1E2A867A00F7EC4C /* Info.plist */,
			);
			path = Editor6ServicesTests;
			sourceTree = "<group>";
		};
		45B6A00C1E29FC2C005D072B /* Frameworks */ = {
			isa = PBXGroup;
			children = (
				45C2829B1E103C3100BE84AF /* Editor6Common.xcodeproj */,
			);
			name = Frameworks;
			sourceTree = "<group>";
		};
		45C282851E103C1300BE84AF = {
			isa = PBXGroup;
			children = (
				45D64CE31ED9FFE2008E608E /* Debug.xcconfig */,
				45D64CE41ED9FFE2008E608E /* Release.xcconfig */,
				45C282911E103C1300BE84AF /* Editor6Services */,
				456F8B8A1E2A867A00F7EC4C /* Editor6ServicesTests */,
				45C282901E103C1300BE84AF /* Products */,
				45B6A00C1E29FC2C005D072B /* Frameworks */,
			);
			sourceTree = "<group>";
		};
		45C282901E103C1300BE84AF /* Products */ = {
			isa = PBXGroup;
			children = (
				45C2828F1E103C1300BE84AF /* Editor6Services.framework */,
				456F8B891E2A867A00F7EC4C /* Editor6ServicesTests.xctest */,
			);
			name = Products;
			sourceTree = "<group>";
		};
		45C282911E103C1300BE84AF /* Editor6Services */ = {
			isa = PBXGroup;
			children = (
				45C282931E103C1300BE84AF /* Info.plist */,
				45C282921E103C1300BE84AF /* Editor6Services.h */,
				45D62D091EDA03A7009C0E69 /* Services.swift */,
				456F8B7F1E2A85F800F7EC4C /* UNUSED_RustCompilerDataStructures.swift */,
				45D5F2A51EDE0FD3009691ED /* Cargo */,
				45D5F2A81EDE0FD3009691ED /* RLS */,
				45D5F2AA1EDE0FD3009691ED /* Service */,
				45D5F2B61EDE0FD3009691ED /* Subprocess2 */,
				45D5F2B91EDE0FD3009691ED /* Utility */,
			);
			path = Editor6Services;
			sourceTree = "<group>";
		};
		45C2829C1E103C3100BE84AF /* Products */ = {
			isa = PBXGroup;
			children = (
				45C282A01E103C3100BE84AF /* Editor6Common.framework */,
				45D64CA71ED9FE96008E608E /* Editor6CommonUnitTests.xctest */,
			);
			name = Products;
			sourceTree = "<group>";
		};
		45D5F2A51EDE0FD3009691ED /* Cargo */ = {
			isa = PBXGroup;
			children = (
				45D5F2A61EDE0FD3009691ED /* Cargo.swift */,
			);
			path = Cargo;
			sourceTree = "<group>";
		};
		45D5F2A81EDE0FD3009691ED /* RLS */ = {
			isa = PBXGroup;
			children = (
				45D5F2A91EDE0FD3009691ED /* RLS.swift */,
			);
			path = RLS;
			sourceTree = "<group>";
		};
		45D5F2AA1EDE0FD3009691ED /* Service */ = {
			isa = PBXGroup;
			children = (
				45D5F2AB1EDE0FD3009691ED /* Bash */,
				45D5F2AC1EDE0FD3009691ED /* DTO */,
				45D5F2B31EDE0FD3009691ED /* LLDB */,
				45D5F2B41EDE0FD3009691ED /* RustCompiler */,
				45D5F2B51EDE0FD3009691ED /* Utility */,
			);
			path = Service;
			sourceTree = "<group>";
		};
		45D5F2AB1EDE0FD3009691ED /* Bash */ = {
			isa = PBXGroup;
			children = (
			);
			path = Bash;
			sourceTree = "<group>";
		};
		45D5F2AC1EDE0FD3009691ED /* DTO */ = {
			isa = PBXGroup;
			children = (
				45D5F2AD1EDE0FD3009691ED /* CargoDTO.swift */,
				45D5F2AE1EDE0FD3009691ED /* CargoJSONCoding.swift */,
				45D5F2AF1EDE0FD3009691ED /* JSONCodingSupport.swift */,
				45D5F2B01EDE0FD3009691ED /* RustCompilerDTO.swift */,
				45D5F2B11EDE0FD3009691ED /* SemverDTO.swift */,
				45D5F2B21EDE0FD3009691ED /* SemverJSONCoding.swift */,
			);
			path = DTO;
			sourceTree = "<group>";
		};
		45D5F2B31EDE0FD3009691ED /* LLDB */ = {
			isa = PBXGroup;
			children = (
			);
			path = LLDB;
			sourceTree = "<group>";
		};
		45D5F2B41EDE0FD3009691ED /* RustCompiler */ = {
			isa = PBXGroup;
			children = (
			);
			path = RustCompiler;
			sourceTree = "<group>";
		};
		45D5F2B51EDE0FD3009691ED /* Utility */ = {
			isa = PBXGroup;
			children = (
			);
			path = Utility;
			sourceTree = "<group>";
		};
		45D5F2B61EDE0FD3009691ED /* Subprocess2 */ = {
			isa = PBXGroup;
			children = (
				45D5F2B71EDE0FD3009691ED /* ADHOC_TextLineBashSubprocess.swift */,
				45D5F2B81EDE0FD3009691ED /* Subprocess2.swift */,
			);
			path = Subprocess2;
			sourceTree = "<group>";
		};
		45D5F2B91EDE0FD3009691ED /* Utility */ = {
			isa = PBXGroup;
			children = (
				45D5F2BA1EDE0FD3009691ED /* Editor6ThreadChannel.swift */,
				45D5F2BB1EDE0FD3009691ED /* Editor6ThreadSemaphore.swift */,
				45D5F2BC1EDE0FD3009691ED /* Flow.swift */,
				45D5F2BD1EDE0FD3009691ED /* LineReader.swift */,
				45D5F2BE1EDE0FD3009691ED /* LineWriter.swift */,
				45D5F2BF1EDE0FD3009691ED /* MARK_resultUndefined.swift */,
				45D5F2C01EDE0FD3009691ED /* Mutation.swift */,
				45D5F2C11EDE0FD3009691ED /* Queue.swift */,
				45D5F2C21EDE0FD3009691ED /* Swift.Array+.swift */,
				45D5F2C31EDE0FD3009691ED /* ThreadChecker.swift */,
				45D5F2C41EDE0FD3009691ED /* UNUSED_DeferableStateContainer.swift */,
				45D5F2C51EDE0FD3009691ED /* UNUSED_DeferredFlow.swift */,
			);
			path = Utility;
			sourceTree = "<group>";
		};
/* End PBXGroup section */

/* Begin PBXHeadersBuildPhase section */
		45C2828C1E103C1300BE84AF /* Headers */ = {
			isa = PBXHeadersBuildPhase;
			buildActionMask = 2147483647;
			files = (
				45C282941E103C1300BE84AF /* Editor6Services.h in Headers */,
			);
			runOnlyForDeploymentPostprocessing = 0;
		};
/* End PBXHeadersBuildPhase section */

/* Begin PBXNativeTarget section */
		456F8B881E2A867A00F7EC4C /* Editor6ServicesTests */ = {
			isa = PBXNativeTarget;
			buildConfigurationList = 456F8B911E2A867A00F7EC4C /* Build configuration list for PBXNativeTarget "Editor6ServicesTests" */;
			buildPhases = (
				456F8B851E2A867A00F7EC4C /* Sources */,
				456F8B861E2A867A00F7EC4C /* Frameworks */,
				456F8B871E2A867A00F7EC4C /* Resources */,
			);
			buildRules = (
			);
			dependencies = (
				456F8B901E2A867A00F7EC4C /* PBXTargetDependency */,
			);
			name = Editor6ServicesTests;
			productName = Editor6ServicesTests;
			productReference = 456F8B891E2A867A00F7EC4C /* Editor6ServicesTests.xctest */;
			productType = "com.apple.product-type.bundle.unit-test";
		};
		45C2828E1E103C1300BE84AF /* Editor6Services */ = {
			isa = PBXNativeTarget;
			buildConfigurationList = 45C282971E103C1300BE84AF /* Build configuration list for PBXNativeTarget "Editor6Services" */;
			buildPhases = (
				45C2828A1E103C1300BE84AF /* Sources */,
				45C2828B1E103C1300BE84AF /* Frameworks */,
				45C2828C1E103C1300BE84AF /* Headers */,
				45C2828D1E103C1300BE84AF /* Resources */,
			);
			buildRules = (
			);
			dependencies = (
			);
			name = Editor6Services;
			productName = Editor6Services;
			productReference = 45C2828F1E103C1300BE84AF /* Editor6Services.framework */;
			productType = "com.apple.product-type.framework";
		};
/* End PBXNativeTarget section */

/* Begin PBXProject section */
		45C282861E103C1300BE84AF /* Project object */ = {
			isa = PBXProject;
			attributes = {
				LastSwiftUpdateCheck = 0820;
				LastUpgradeCheck = 0820;
				ORGANIZATIONNAME = Eonil;
				TargetAttributes = {
					456F8B881E2A867A00F7EC4C = {
						CreatedOnToolsVersion = 8.2.1;
						DevelopmentTeam = SYA75M63MP;
						ProvisioningStyle = Automatic;
					};
					45C2828E1E103C1300BE84AF = {
						CreatedOnToolsVersion = 8.2.1;
						DevelopmentTeam = SYA75M63MP;
						ProvisioningStyle = Automatic;
					};
				};
			};
			buildConfigurationList = 45C282891E103C1300BE84AF /* Build configuration list for PBXProject "Editor6Services" */;
			compatibilityVersion = "Xcode 3.2";
			developmentRegion = English;
			hasScannedForEncodings = 0;
			knownRegions = (
				en,
			);
			mainGroup = 45C282851E103C1300BE84AF;
			productRefGroup = 45C282901E103C1300BE84AF /* Products */;
			projectDirPath = "";
			projectReferences = (
				{
					ProductGroup = 45C2829C1E103C3100BE84AF /* Products */;
					ProjectRef = 45C2829B1E103C3100BE84AF /* Editor6Common.xcodeproj */;
				},
			);
			projectRoot = "";
			targets = (
				45C2828E1E103C1300BE84AF /* Editor6Services */,
				456F8B881E2A867A00F7EC4C /* Editor6ServicesTests */,
			);
		};
/* End PBXProject section */

/* Begin PBXReferenceProxy section */
		45C282A01E103C3100BE84AF /* Editor6Common.framework */ = {
			isa = PBXReferenceProxy;
			fileType = wrapper.framework;
			path = Editor6Common.framework;
			remoteRef = 45C2829F1E103C3100BE84AF /* PBXContainerItemProxy */;
			sourceTree = BUILT_PRODUCTS_DIR;
		};
		45D64CA71ED9FE96008E608E /* Editor6CommonUnitTests.xctest */ = {
			isa = PBXReferenceProxy;
			fileType = wrapper.cfbundle;
			path = Editor6CommonUnitTests.xctest;
			remoteRef = 45D64CA61ED9FE96008E608E /* PBXContainerItemProxy */;
			sourceTree = BUILT_PRODUCTS_DIR;
		};
/* End PBXReferenceProxy section */

/* Begin PBXResourcesBuildPhase section */
		456F8B871E2A867A00F7EC4C /* Resources */ = {
			isa = PBXResourcesBuildPhase;
			buildActionMask = 2147483647;
			files = (
			);
			runOnlyForDeploymentPostprocessing = 0;
		};
		45C2828D1E103C1300BE84AF /* Resources */ = {
			isa = PBXResourcesBuildPhase;
			buildActionMask = 2147483647;
			files = (
			);
			runOnlyForDeploymentPostprocessing = 0;
		};
/* End PBXResourcesBuildPhase section */

/* Begin PBXSourcesBuildPhase section */
		456F8B851E2A867A00F7EC4C /* Sources */ = {
			isa = PBXSourcesBuildPhase;
			buildActionMask = 2147483647;
			files = (
				456F8B8C1E2A867A00F7EC4C /* Editor6ServicesTests.swift in Sources */,
			);
			runOnlyForDeploymentPostprocessing = 0;
		};
		45C2828A1E103C1300BE84AF /* Sources */ = {
			isa = PBXSourcesBuildPhase;
			buildActionMask = 2147483647;
			files = (
				45D5F2CB1EDE0FD3009691ED /* RustCompilerDTO.swift in Sources */,
				45D5F2CC1EDE0FD3009691ED /* SemverDTO.swift in Sources */,
				45D5F2D51EDE0FD3009691ED /* MARK_resultUndefined.swift in Sources */,
				45D62D0A1EDA03A7009C0E69 /* Services.swift in Sources */,
				45D5F2CA1EDE0FD3009691ED /* JSONCodingSupport.swift in Sources */,
				45D5F2C71EDE0FD3009691ED /* RLS.swift in Sources */,
				45D5F2C91EDE0FD3009691ED /* CargoJSONCoding.swift in Sources */,
				45D5F2D81EDE0FD3009691ED /* Swift.Array+.swift in Sources */,
				45D5F2DB1EDE0FD3009691ED /* UNUSED_DeferredFlow.swift in Sources */,
				45D5F2D31EDE0FD3009691ED /* LineReader.swift in Sources */,
				45D5F2D21EDE0FD3009691ED /* Flow.swift in Sources */,
				45D5F2D11EDE0FD3009691ED /* Editor6ThreadSemaphore.swift in Sources */,
				456F8B801E2A85F800F7EC4C /* UNUSED_RustCompilerDataStructures.swift in Sources */,
				45D5F2CF1EDE0FD3009691ED /* Subprocess2.swift in Sources */,
				45D5F2D91EDE0FD3009691ED /* ThreadChecker.swift in Sources */,
				45D5F2CE1EDE0FD3009691ED /* ADHOC_TextLineBashSubprocess.swift in Sources */,
				45D5F2D61EDE0FD3009691ED /* Mutation.swift in Sources */,
				45D5F2D01EDE0FD3009691ED /* Editor6ThreadChannel.swift in Sources */,
				45D5F2DA1EDE0FD3009691ED /* UNUSED_DeferableStateContainer.swift in Sources */,
				45D5F2D71EDE0FD3009691ED /* Queue.swift in Sources */,
				45D5F2D41EDE0FD3009691ED /* LineWriter.swift in Sources */,
				45D5F2C61EDE0FD3009691ED /* Cargo.swift in Sources */,
				45D5F2C81EDE0FD3009691ED /* CargoDTO.swift in Sources */,
				45D5F2CD1EDE0FD3009691ED /* SemverJSONCoding.swift in Sources */,
			);
			runOnlyForDeploymentPostprocessing = 0;
		};
/* End PBXSourcesBuildPhase section */

/* Begin PBXTargetDependency section */
		456F8B901E2A867A00F7EC4C /* PBXTargetDependency */ = {
			isa = PBXTargetDependency;
			target = 45C2828E1E103C1300BE84AF /* Editor6Services */;
			targetProxy = 456F8B8F1E2A867A00F7EC4C /* PBXContainerItemProxy */;
		};
/* End PBXTargetDependency section */

/* Begin XCBuildConfiguration section */
		456F8B921E2A867A00F7EC4C /* Debug */ = {
			isa = XCBuildConfiguration;
			buildSettings = {
				COMBINE_HIDPI_IMAGES = YES;
				DEVELOPMENT_TEAM = SYA75M63MP;
				INFOPLIST_FILE = Editor6ServicesTests/Info.plist;
				LD_RUNPATH_SEARCH_PATHS = "$(inherited) @executable_path/../Frameworks @loader_path/../Frameworks";
				PRODUCT_BUNDLE_IDENTIFIER = Eonil.Editor6ServicesTests;
				PRODUCT_NAME = "$(TARGET_NAME)";
				SWIFT_VERSION = 3.0;
			};
			name = Debug;
		};
		456F8B931E2A867A00F7EC4C /* Release */ = {
			isa = XCBuildConfiguration;
			buildSettings = {
				COMBINE_HIDPI_IMAGES = YES;
				DEVELOPMENT_TEAM = SYA75M63MP;
				INFOPLIST_FILE = Editor6ServicesTests/Info.plist;
				LD_RUNPATH_SEARCH_PATHS = "$(inherited) @executable_path/../Frameworks @loader_path/../Frameworks";
				PRODUCT_BUNDLE_IDENTIFIER = Eonil.Editor6ServicesTests;
				PRODUCT_NAME = "$(TARGET_NAME)";
				SWIFT_VERSION = 3.0;
			};
			name = Release;
		};
		45C282951E103C1300BE84AF /* Debug */ = {
			isa = XCBuildConfiguration;
			baseConfigurationReference = 45D64CE31ED9FFE2008E608E /* Debug.xcconfig */;
			buildSettings = {
				ALWAYS_SEARCH_USER_PATHS = NO;
				CLANG_ANALYZER_NONNULL = YES;
				CLANG_CXX_LANGUAGE_STANDARD = "gnu++0x";
				CLANG_CXX_LIBRARY = "libc++";
				CLANG_ENABLE_MODULES = YES;
				CLANG_ENABLE_OBJC_ARC = YES;
				CLANG_WARN_BOOL_CONVERSION = YES;
				CLANG_WARN_CONSTANT_CONVERSION = YES;
				CLANG_WARN_DIRECT_OBJC_ISA_USAGE = YES_ERROR;
				CLANG_WARN_DOCUMENTATION_COMMENTS = YES;
				CLANG_WARN_EMPTY_BODY = YES;
				CLANG_WARN_ENUM_CONVERSION = YES;
				CLANG_WARN_INFINITE_RECURSION = YES;
				CLANG_WARN_INT_CONVERSION = YES;
				CLANG_WARN_OBJC_ROOT_CLASS = YES_ERROR;
				CLANG_WARN_SUSPICIOUS_MOVE = YES;
				CLANG_WARN_UNREACHABLE_CODE = YES;
				CLANG_WARN__DUPLICATE_METHOD_MATCH = YES;
				CODE_SIGN_IDENTITY = "-";
				COPY_PHASE_STRIP = NO;
				CURRENT_PROJECT_VERSION = 1;
				DEBUG_INFORMATION_FORMAT = dwarf;
				ENABLE_STRICT_OBJC_MSGSEND = YES;
				ENABLE_TESTABILITY = YES;
				GCC_C_LANGUAGE_STANDARD = gnu99;
				GCC_DYNAMIC_NO_PIC = NO;
				GCC_NO_COMMON_BLOCKS = YES;
				GCC_OPTIMIZATION_LEVEL = 0;
				GCC_PREPROCESSOR_DEFINITIONS = (
					"DEBUG=1",
					"$(inherited)",
				);
				GCC_WARN_64_TO_32_BIT_CONVERSION = YES;
				GCC_WARN_ABOUT_RETURN_TYPE = YES_ERROR;
				GCC_WARN_UNDECLARED_SELECTOR = YES;
				GCC_WARN_UNINITIALIZED_AUTOS = YES_AGGRESSIVE;
				GCC_WARN_UNUSED_FUNCTION = YES;
				GCC_WARN_UNUSED_VARIABLE = YES;
				MACOSX_DEPLOYMENT_TARGET = 10.12;
				MTL_ENABLE_DEBUG_INFO = YES;
				ONLY_ACTIVE_ARCH = YES;
				SDKROOT = macosx;
				SWIFT_ACTIVE_COMPILATION_CONDITIONS = DEBUG;
				SWIFT_OPTIMIZATION_LEVEL = "-Onone";
				VERSIONING_SYSTEM = "apple-generic";
				VERSION_INFO_PREFIX = "";
			};
			name = Debug;
		};
		45C282961E103C1300BE84AF /* Release */ = {
			isa = XCBuildConfiguration;
			baseConfigurationReference = 45D64CE41ED9FFE2008E608E /* Release.xcconfig */;
			buildSettings = {
				ALWAYS_SEARCH_USER_PATHS = NO;
				CLANG_ANALYZER_NONNULL = YES;
				CLANG_CXX_LANGUAGE_STANDARD = "gnu++0x";
				CLANG_CXX_LIBRARY = "libc++";
				CLANG_ENABLE_MODULES = YES;
				CLANG_ENABLE_OBJC_ARC = YES;
				CLANG_WARN_BOOL_CONVERSION = YES;
				CLANG_WARN_CONSTANT_CONVERSION = YES;
				CLANG_WARN_DIRECT_OBJC_ISA_USAGE = YES_ERROR;
				CLANG_WARN_DOCUMENTATION_COMMENTS = YES;
				CLANG_WARN_EMPTY_BODY = YES;
				CLANG_WARN_ENUM_CONVERSION = YES;
				CLANG_WARN_INFINITE_RECURSION = YES;
				CLANG_WARN_INT_CONVERSION = YES;
				CLANG_WARN_OBJC_ROOT_CLASS = YES_ERROR;
				CLANG_WARN_SUSPICIOUS_MOVE = YES;
				CLANG_WARN_UNREACHABLE_CODE = YES;
				CLANG_WARN__DUPLICATE_METHOD_MATCH = YES;
				CODE_SIGN_IDENTITY = "-";
				COPY_PHASE_STRIP = NO;
				CURRENT_PROJECT_VERSION = 1;
				DEBUG_INFORMATION_FORMAT = "dwarf-with-dsym";
				ENABLE_NS_ASSERTIONS = NO;
				ENABLE_STRICT_OBJC_MSGSEND = YES;
				GCC_C_LANGUAGE_STANDARD = gnu99;
				GCC_NO_COMMON_BLOCKS = YES;
				GCC_WARN_64_TO_32_BIT_CONVERSION = YES;
				GCC_WARN_ABOUT_RETURN_TYPE = YES_ERROR;
				GCC_WARN_UNDECLARED_SELECTOR = YES;
				GCC_WARN_UNINITIALIZED_AUTOS = YES_AGGRESSIVE;
				GCC_WARN_UNUSED_FUNCTION = YES;
				GCC_WARN_UNUSED_VARIABLE = YES;
				MACOSX_DEPLOYMENT_TARGET = 10.12;
				MTL_ENABLE_DEBUG_INFO = NO;
				SDKROOT = macosx;
				SWIFT_OPTIMIZATION_LEVEL = "-Owholemodule";
				VERSIONING_SYSTEM = "apple-generic";
				VERSION_INFO_PREFIX = "";
			};
			name = Release;
		};
		45C282981E103C1300BE84AF /* Debug */ = {
			isa = XCBuildConfiguration;
			buildSettings = {
				CODE_SIGN_IDENTITY = "";
				COMBINE_HIDPI_IMAGES = YES;
				DEFINES_MODULE = YES;
				DEVELOPMENT_TEAM = SYA75M63MP;
				DYLIB_COMPATIBILITY_VERSION = 1;
				DYLIB_CURRENT_VERSION = 1;
				DYLIB_INSTALL_NAME_BASE = "@rpath";
				FRAMEWORK_VERSION = A;
				INFOPLIST_FILE = Editor6Services/Info.plist;
				INSTALL_PATH = "$(LOCAL_LIBRARY_DIR)/Frameworks";
				LD_RUNPATH_SEARCH_PATHS = "$(inherited) @executable_path/../Frameworks @loader_path/Frameworks";
				PRODUCT_BUNDLE_IDENTIFIER = Eonil.Editor6Services;
				PRODUCT_NAME = "$(TARGET_NAME)";
				SKIP_INSTALL = YES;
				SWIFT_VERSION = 3.0;
			};
			name = Debug;
		};
		45C282991E103C1300BE84AF /* Release */ = {
			isa = XCBuildConfiguration;
			buildSettings = {
				CODE_SIGN_IDENTITY = "";
				COMBINE_HIDPI_IMAGES = YES;
				DEFINES_MODULE = YES;
				DEVELOPMENT_TEAM = SYA75M63MP;
				DYLIB_COMPATIBILITY_VERSION = 1;
				DYLIB_CURRENT_VERSION = 1;
				DYLIB_INSTALL_NAME_BASE = "@rpath";
				FRAMEWORK_VERSION = A;
				INFOPLIST_FILE = Editor6Services/Info.plist;
				INSTALL_PATH = "$(LOCAL_LIBRARY_DIR)/Frameworks";
				LD_RUNPATH_SEARCH_PATHS = "$(inherited) @executable_path/../Frameworks @loader_path/Frameworks";
				PRODUCT_BUNDLE_IDENTIFIER = Eonil.Editor6Services;
				PRODUCT_NAME = "$(TARGET_NAME)";
				SKIP_INSTALL = YES;
				SWIFT_VERSION = 3.0;
			};
			name = Release;
		};
/* End XCBuildConfiguration section */

/* Begin XCConfigurationList section */
		456F8B911E2A867A00F7EC4C /* Build configuration list for PBXNativeTarget "Editor6ServicesTests" */ = {
			isa = XCConfigurationList;
			buildConfigurations = (
				456F8B921E2A867A00F7EC4C /* Debug */,
				456F8B931E2A867A00F7EC4C /* Release */,
			);
			defaultConfigurationIsVisible = 0;
			defaultConfigurationName = Release;
		};
		45C282891E103C1300BE84AF /* Build configuration list for PBXProject "Editor6Services" */ = {
			isa = XCConfigurationList;
			buildConfigurations = (
				45C282951E103C1300BE84AF /* Debug */,
				45C282961E103C1300BE84AF /* Release */,
			);
			defaultConfigurationIsVisible = 0;
			defaultConfigurationName = Release;
		};
		45C282971E103C1300BE84AF /* Build configuration list for PBXNativeTarget "Editor6Services" */ = {
			isa = XCConfigurationList;
			buildConfigurations = (
				45C282981E103C1300BE84AF /* Debug */,
				45C282991E103C1300BE84AF /* Release */,
			);
			defaultConfigurationIsVisible = 0;
			defaultConfigurationName = Release;
		};
/* End XCConfigurationList section */
	};
	rootObject = 45C282861E103C1300BE84AF /* Project object */;
}
