// !$*UTF8*$!
{
	archiveVersion = 1;
	classes = {
	};
	objectVersion = 46;
	objects = {

/* Begin PBXBuildFile section */
		450A0E061A275F550026102D /* EonilDispatch.framework in Frameworks */ = {isa = PBXBuildFile; fileRef = 450A0DE81A275EBD0026102D /* EonilDispatch.framework */; };
		450A0E081A275F600026102D /* EonilDispatch.framework in Embed Frameworks */ = {isa = PBXBuildFile; fileRef = 450A0DEC1A275EBD0026102D /* EonilDispatch.framework */; settings = {ATTRIBUTES = (CodeSignOnCopy, RemoveHeadersOnCopy, ); }; };
		4514A76D1A11C7D200F25ED8 /* RustProjectDocument.swift in Sources */ = {isa = PBXBuildFile; fileRef = 4514A76C1A11C7D200F25ED8 /* RustProjectDocument.swift */; };
		4514A7731A11C81200F25ED8 /* RustSourceCodeFileDocument.swift in Sources */ = {isa = PBXBuildFile; fileRef = 4514A7721A11C81200F25ED8 /* RustSourceCodeFileDocument.swift */; };
		451740E01A102FA300861ECC /* ScrollViewController.swift in Sources */ = {isa = PBXBuildFile; fileRef = 451740DD1A102FA300861ECC /* ScrollViewController.swift */; };
		451740E11A102FA300861ECC /* TextScrollViewController.swift in Sources */ = {isa = PBXBuildFile; fileRef = 451740DE1A102FA300861ECC /* TextScrollViewController.swift */; };
		451740E21A102FA300861ECC /* TextViewController.swift in Sources */ = {isa = PBXBuildFile; fileRef = 451740DF1A102FA300861ECC /* TextViewController.swift */; };
		45204C801A63300900929A17 /* ApplicationController.swift in Sources */ = {isa = PBXBuildFile; fileRef = 45204C7F1A63300900929A17 /* ApplicationController.swift */; };
		452442711A1801D800A03A51 /* Standards.framework in Frameworks */ = {isa = PBXBuildFile; fileRef = 452442671A18019400A03A51 /* Standards.framework */; };
		452442731A1801DC00A03A51 /* Standards.framework in Embed Frameworks */ = {isa = PBXBuildFile; fileRef = 452442671A18019400A03A51 /* Standards.framework */; settings = {ATTRIBUTES = (CodeSignOnCopy, RemoveHeadersOnCopy, ); }; };
		452A121D1A107E4C00E38F35 /* IssueListingViewController.swift in Sources */ = {isa = PBXBuildFile; fileRef = 452A121C1A107E4C00E38F35 /* IssueListingViewController.swift */; };
		452A121F1A107EC500E38F35 /* TableScrollViewController.swift in Sources */ = {isa = PBXBuildFile; fileRef = 452A121E1A107EC500E38F35 /* TableScrollViewController.swift */; };
		452A12211A107FF000E38F35 /* TableViewController.swift in Sources */ = {isa = PBXBuildFile; fileRef = 452A12201A107FF000E38F35 /* TableViewController.swift */; };
		452A12231A1082B900E38F35 /* LayoutConstraint.swift in Sources */ = {isa = PBXBuildFile; fileRef = 452A12221A1082B900E38F35 /* LayoutConstraint.swift */; };
		452B92B91A12C6A100E66E87 /* FileTreeViewController3.swift in Sources */ = {isa = PBXBuildFile; fileRef = 452B92B81A12C6A100E66E87 /* FileTreeViewController3.swift */; };
		452B92C11A12CC3B00E66E87 /* Deduplicate.swift in Sources */ = {isa = PBXBuildFile; fileRef = 452B92C01A12CC3B00E66E87 /* Deduplicate.swift */; };
		452E4E671A650F15007B490D /* AppKitExtras.framework in Frameworks */ = {isa = PBXBuildFile; fileRef = 458E635E1A634CDF006465B3 /* AppKitExtras.framework */; };
		452E4E681A650F15007B490D /* AppKitExtras.framework in Embed Frameworks */ = {isa = PBXBuildFile; fileRef = 458E635E1A634CDF006465B3 /* AppKitExtras.framework */; settings = {ATTRIBUTES = (CodeSignOnCopy, RemoveHeadersOnCopy, ); }; };
		452E4E6F1A650F24007B490D /* EonilText.framework in Frameworks */ = {isa = PBXBuildFile; fileRef = 452E4E621A650F09007B490D /* EonilText.framework */; };
		452E4E701A650F24007B490D /* EonilText.framework in Embed Frameworks */ = {isa = PBXBuildFile; fileRef = 452E4E621A650F09007B490D /* EonilText.framework */; settings = {ATTRIBUTES = (CodeSignOnCopy, RemoveHeadersOnCopy, ); }; };
		45358A361A17FE8800AF5F7C /* HygienicWindowController.swift in Sources */ = {isa = PBXBuildFile; fileRef = 45358A351A17FE8800AF5F7C /* HygienicWindowController.swift */; };
		4538571F1A622D0000DC693D /* main.swift in Sources */ = {isa = PBXBuildFile; fileRef = 4538571E1A622D0000DC693D /* main.swift */; };
		4538573C1A62321E00DC693D /* UnitTest.swift in Sources */ = {isa = PBXBuildFile; fileRef = 4538573B1A62321E00DC693D /* UnitTest.swift */; };
		453DE8071A34B763001BEF29 /* Tools in Resources */ = {isa = PBXBuildFile; fileRef = 453DE8061A34B763001BEF29 /* Tools */; };
		453F574E1A19E5EB0035400D /* EonilSQLite3.framework in Frameworks */ = {isa = PBXBuildFile; fileRef = 453F57431A19E5E10035400D /* EonilSQLite3.framework */; };
		453F57511A19E5F30035400D /* EonilSQLite3.framework in Embed Frameworks */ = {isa = PBXBuildFile; fileRef = 453F57431A19E5E10035400D /* EonilSQLite3.framework */; settings = {ATTRIBUTES = (CodeSignOnCopy, RemoveHeadersOnCopy, ); }; };
		45402ABB1A153C4E00127E50 /* FileSystemMonitor2.swift in Sources */ = {isa = PBXBuildFile; fileRef = 45402ABA1A153C4E00127E50 /* FileSystemMonitor2.swift */; };
		454482021A6328BE005576CB /* WorkspaceNavigationViewController.swift in Sources */ = {isa = PBXBuildFile; fileRef = 454482011A6328BE005576CB /* WorkspaceNavigationViewController.swift */; };
		454482161A6328E7005576CB /* WorkspaceEditingViewController.swift in Sources */ = {isa = PBXBuildFile; fileRef = 454482151A6328E7005576CB /* WorkspaceEditingViewController.swift */; };
		454482181A6328FC005576CB /* WorkspaceUtilityViewController.swift in Sources */ = {isa = PBXBuildFile; fileRef = 454482171A6328FC005576CB /* WorkspaceUtilityViewController.swift */; };
		4544821A1A632917005576CB /* WorkspaceReportingViewController.swift in Sources */ = {isa = PBXBuildFile; fileRef = 454482191A632917005576CB /* WorkspaceReportingViewController.swift */; };
		4544821C1A632937005576CB /* WorkspaceMenuController.swift in Sources */ = {isa = PBXBuildFile; fileRef = 4544821B1A632937005576CB /* WorkspaceMenuController.swift */; };
		454C65F11A15E4DE009A160D /* MarkdownFile.icns in Resources */ = {isa = PBXBuildFile; fileRef = 454C65F01A15E4DE009A160D /* MarkdownFile.icns */; };
		454E42AB1A13D244007BEE79 /* FileTreeRepository4.swift in Sources */ = {isa = PBXBuildFile; fileRef = 454E42AA1A13D244007BEE79 /* FileTreeRepository4.swift */; };
		454E42AD1A13D24F007BEE79 /* FileTreeViewController4.swift in Sources */ = {isa = PBXBuildFile; fileRef = 454E42AC1A13D24F007BEE79 /* FileTreeViewController4.swift */; };
		454FFC081A141461000C0200 /* FileSystemService.swift in Sources */ = {isa = PBXBuildFile; fileRef = 454FFC071A141461000C0200 /* FileSystemService.swift */; };
		454FFC0C1A142DF3000C0200 /* FileSystemMonitor.swift in Sources */ = {isa = PBXBuildFile; fileRef = 454FFC0B1A142DF3000C0200 /* FileSystemMonitor.swift */; };
		455795271A4CD4CD0011C34E /* TypeAliases.swift in Sources */ = {isa = PBXBuildFile; fileRef = 455795261A4CD4CD0011C34E /* TypeAliases.swift */; };
		4557D8961A116D6800D6C53B /* FileTreeViewController.swift in Sources */ = {isa = PBXBuildFile; fileRef = 4557D8951A116D6800D6C53B /* FileTreeViewController.swift */; };
		4557D8981A11738E00D6C53B /* ViewController.swift in Sources */ = {isa = PBXBuildFile; fileRef = 4557D8971A11738E00D6C53B /* ViewController.swift */; };
		455F5DE71A1289B900A17A31 /* FileNode3.swift in Sources */ = {isa = PBXBuildFile; fileRef = 455F5DE61A1289B900A17A31 /* FileNode3.swift */; };
		455FC56D1A637C2F00266BD5 /* IssueRepository.swift in Sources */ = {isa = PBXBuildFile; fileRef = 455FC56C1A637C2F00266BD5 /* IssueRepository.swift */; };
		45646D5B1A45F9F9009697C1 /* RustAutocompletionWindowController.swift in Sources */ = {isa = PBXBuildFile; fileRef = 45646D5A1A45F9F9009697C1 /* RustAutocompletionWindowController.swift */; };
		45700EE11A11F65100415EB2 /* FileNode.swift in Sources */ = {isa = PBXBuildFile; fileRef = 45700EE01A11F65100415EB2 /* FileNode.swift */; };
		457341011A19F22900C93C2E /* SQLite3DatabaseEditingWindowController.swift in Sources */ = {isa = PBXBuildFile; fileRef = 457340FF1A19F22900C93C2E /* SQLite3DatabaseEditingWindowController.swift */; };
		457341021A19F22900C93C2E /* SQLite3DatabaseFileDocument.swift in Sources */ = {isa = PBXBuildFile; fileRef = 457341001A19F22900C93C2E /* SQLite3DatabaseFileDocument.swift */; };
		457341041A19F75100C93C2E /* EmptyOutlineViewController.swift in Sources */ = {isa = PBXBuildFile; fileRef = 457341031A19F75100C93C2E /* EmptyOutlineViewController.swift */; };
		45756F651A6537860017AA4B /* WorkspaceUtility.swift in Sources */ = {isa = PBXBuildFile; fileRef = 45756F641A6537860017AA4B /* WorkspaceUtility.swift */; };
		45756F7B1A6540AA0017AA4B /* FileSystemMonitor3.swift in Sources */ = {isa = PBXBuildFile; fileRef = 45756F7A1A6540AA0017AA4B /* FileSystemMonitor3.swift */; };
		45756F7D1A6548990017AA4B /* PlainFileFolderWindowController.swift in Sources */ = {isa = PBXBuildFile; fileRef = 45756F7C1A6548990017AA4B /* PlainFileFolderWindowController.swift */; };
		457C05BA1A15D91900D062FE /* RustProject.iconset in Resources */ = {isa = PBXBuildFile; fileRef = 457C05B81A15D91900D062FE /* RustProject.iconset */; };
		457C05BB1A15D91900D062FE /* RustSourceCodeFile.iconset in Resources */ = {isa = PBXBuildFile; fileRef = 457C05B91A15D91900D062FE /* RustSourceCodeFile.iconset */; };
		457D5CE61A63287C008ECE6F /* WorkspaceDocument.swift in Sources */ = {isa = PBXBuildFile; fileRef = 457D5CE51A63287C008ECE6F /* WorkspaceDocument.swift */; };
		457D5CE81A63288B008ECE6F /* WorkspaceMainWindowController.swift in Sources */ = {isa = PBXBuildFile; fileRef = 457D5CE71A63288B008ECE6F /* WorkspaceMainWindowController.swift */; };
		457DD5D21A125C3D00324681 /* FileNode2.swift in Sources */ = {isa = PBXBuildFile; fileRef = 457DD5D11A125C3D00324681 /* FileNode2.swift */; };
		459433AF1A45EBBE008B2CFF /* TextEditingViewController.swift in Sources */ = {isa = PBXBuildFile; fileRef = 459433AE1A45EBBE008B2CFF /* TextEditingViewController.swift */; };
		459433B11A45F01C008B2CFF /* ScrollViewController2.swift in Sources */ = {isa = PBXBuildFile; fileRef = 459433B01A45F01C008B2CFF /* ScrollViewController2.swift */; };
		4597F8251A113D100089FC66 /* Box.swift in Sources */ = {isa = PBXBuildFile; fileRef = 4597F81D1A113D100089FC66 /* Box.swift */; };
		4597F8271A113D100089FC66 /* LinkList.swift in Sources */ = {isa = PBXBuildFile; fileRef = 4597F81F1A113D100089FC66 /* LinkList.swift */; };
		4597F8281A113D100089FC66 /* NotifierAndObserver.swift in Sources */ = {isa = PBXBuildFile; fileRef = 4597F8201A113D100089FC66 /* NotifierAndObserver.swift */; };
		4597F8291A113D100089FC66 /* XML.Navigator.swift in Sources */ = {isa = PBXBuildFile; fileRef = 4597F8211A113D100089FC66 /* XML.Navigator.swift */; };
		4597F82A1A113D100089FC66 /* XML.swift in Sources */ = {isa = PBXBuildFile; fileRef = 4597F8221A113D100089FC66 /* XML.swift */; };
		4597F82B1A113D100089FC66 /* XML.Test.swift in Sources */ = {isa = PBXBuildFile; fileRef = 4597F8231A113D100089FC66 /* XML.Test.swift */; };
		459E621C1A65EC1100EDEEB9 /* EditorFileTreeNavigationFeature.framework in Frameworks */ = {isa = PBXBuildFile; fileRef = 45F48F651A65E1FF00FF38FB /* EditorFileTreeNavigationFeature.framework */; };
		459E621D1A65EC1100EDEEB9 /* EditorFileTreeNavigationFeature.framework in Embed Frameworks */ = {isa = PBXBuildFile; fileRef = 45F48F651A65E1FF00FF38FB /* EditorFileTreeNavigationFeature.framework */; settings = {ATTRIBUTES = (CodeSignOnCopy, RemoveHeadersOnCopy, ); }; };
		459E62461A65ED3300EDEEB9 /* WorkspaceWindowController.swift in Sources */ = {isa = PBXBuildFile; fileRef = 459E62451A65ED3300EDEEB9 /* WorkspaceWindowController.swift */; };
		45A6DAAB1A6388FD00DFB9CE /* ArrayReportingController.swift in Sources */ = {isa = PBXBuildFile; fileRef = 45A6DAAA1A6388FD00DFB9CE /* ArrayReportingController.swift */; };
		45A6DAAE1A639A2C00DFB9CE /* Issue.swift in Sources */ = {isa = PBXBuildFile; fileRef = 45A6DAAC1A639A2C00DFB9CE /* Issue.swift */; };
		45A6DAAF1A639A2C00DFB9CE /* RustCompilerIssueParsing.swift in Sources */ = {isa = PBXBuildFile; fileRef = 45A6DAAD1A639A2C00DFB9CE /* RustCompilerIssueParsing.swift */; };
		45A6DAB71A639AD500DFB9CE /* PassiveDataClassGeneratorWindowController.swift in Sources */ = {isa = PBXBuildFile; fileRef = 45A6DAB31A639AD500DFB9CE /* PassiveDataClassGeneratorWindowController.swift */; };
		45A6DAB81A639AD500DFB9CE /* DataSchema.swift in Sources */ = {isa = PBXBuildFile; fileRef = 45A6DAB51A639AD500DFB9CE /* DataSchema.swift */; };
		45A6DAB91A639AD500DFB9CE /* SchemaInferencerWindowController.swift in Sources */ = {isa = PBXBuildFile; fileRef = 45A6DAB61A639AD500DFB9CE /* SchemaInferencerWindowController.swift */; };
		45B89C321A15E05100D03648 /* MarkdownFileDocument.swift in Sources */ = {isa = PBXBuildFile; fileRef = 45B89C311A15E05100D03648 /* MarkdownFileDocument.swift */; };
		45BBB0EC1A1022A10055232E /* Images.xcassets in Resources */ = {isa = PBXBuildFile; fileRef = 45BBB0EB1A1022A10055232E /* Images.xcassets */; };
		45BBB0EF1A1022A10055232E /* MainMenu.xib in Resources */ = {isa = PBXBuildFile; fileRef = 45BBB0ED1A1022A10055232E /* MainMenu.xib */; };
		45CAD9351A4B145100EDF02D /* SyntaxHighlighting.swift in Sources */ = {isa = PBXBuildFile; fileRef = 45CAD9341A4B145100EDF02D /* SyntaxHighlighting.swift */; };
		45D158F51A113FE900B25657 /* CodeEditingViewController.swift in Sources */ = {isa = PBXBuildFile; fileRef = 45D158F41A113FE900B25657 /* CodeEditingViewController.swift */; };
		45D158FA1A11401D00B25657 /* Palette.swift in Sources */ = {isa = PBXBuildFile; fileRef = 45D158F91A11401D00B25657 /* Palette.swift */; };
		45D7F6DF1A11540D00E792D1 /* TextLayoutQuery.swift in Sources */ = {isa = PBXBuildFile; fileRef = 45D7F6DE1A11540D00E792D1 /* TextLayoutQuery.swift */; };
		45D8D8F11A48E99200AE42C8 /* HygienicWindowController2.swift in Sources */ = {isa = PBXBuildFile; fileRef = 45D8D8F01A48E99200AE42C8 /* HygienicWindowController2.swift */; };
		45D8D9021A48ED3600AE42C8 /* HygienicViewController.swift in Sources */ = {isa = PBXBuildFile; fileRef = 45D8D9011A48ED3600AE42C8 /* HygienicViewController.swift */; };
		45DA95601A69DAE70091410B /* CodeEditingFileMonitor.swift in Sources */ = {isa = PBXBuildFile; fileRef = 45DA955F1A69DAE70091410B /* CodeEditingFileMonitor.swift */; };
		45DFBD9D1A15C7A3007EBB02 /* ObjCRuntime.swift in Sources */ = {isa = PBXBuildFile; fileRef = 45DFBD9C1A15C7A3007EBB02 /* ObjCRuntime.swift */; };
		45DFBDA21A15CE9B007EBB02 /* TargetActionFunctionBox.swift in Sources */ = {isa = PBXBuildFile; fileRef = 45DFBDA11A15CE9B007EBB02 /* TargetActionFunctionBox.swift */; };
		45EF31991A18DE9900DAF925 /* EonilFileSystemEvents.framework in Frameworks */ = {isa = PBXBuildFile; fileRef = 4524431E1A18059700A03A51 /* EonilFileSystemEvents.framework */; };
		45EF319A1A18DE9900DAF925 /* EonilFileSystemEvents.framework in Embed Frameworks */ = {isa = PBXBuildFile; fileRef = 4524431E1A18059700A03A51 /* EonilFileSystemEvents.framework */; settings = {ATTRIBUTES = (CodeSignOnCopy, RemoveHeadersOnCopy, ); }; };
		45F6C1131A1195A5005D8EEA /* CommandConsoleViewController.swift in Sources */ = {isa = PBXBuildFile; fileRef = 45F6C1121A1195A5005D8EEA /* CommandConsoleViewController.swift */; };
		45F6C1151A119726005D8EEA /* VisualEffectViewController.swift in Sources */ = {isa = PBXBuildFile; fileRef = 45F6C1141A119726005D8EEA /* VisualEffectViewController.swift */; };
		45FE101D1A12994300834358 /* FileTreeViewController2.swift in Sources */ = {isa = PBXBuildFile; fileRef = 45FE101C1A12994300834358 /* FileTreeViewController2.swift */; };
		45FE1ACB1A65E311002B9D1B /* Precompilation.framework in Frameworks */ = {isa = PBXBuildFile; fileRef = 45FE1AC41A65E303002B9D1B /* Precompilation.framework */; };
		45FE1ACC1A65E311002B9D1B /* Precompilation.framework in Embed Frameworks */ = {isa = PBXBuildFile; fileRef = 45FE1AC41A65E303002B9D1B /* Precompilation.framework */; settings = {ATTRIBUTES = (CodeSignOnCopy, RemoveHeadersOnCopy, ); }; };
		45FE1ACF1A65E311002B9D1B /* PrecompilationOfExternalToolSupport.framework in Frameworks */ = {isa = PBXBuildFile; fileRef = 45FE1AC61A65E303002B9D1B /* PrecompilationOfExternalToolSupport.framework */; };
		45FE1AD01A65E311002B9D1B /* PrecompilationOfExternalToolSupport.framework in Embed Frameworks */ = {isa = PBXBuildFile; fileRef = 45FE1AC61A65E303002B9D1B /* PrecompilationOfExternalToolSupport.framework */; settings = {ATTRIBUTES = (CodeSignOnCopy, RemoveHeadersOnCopy, ); }; };
/* End PBXBuildFile section */

/* Begin PBXContainerItemProxy section */
		450A0DE71A275EBD0026102D /* PBXContainerItemProxy */ = {
			isa = PBXContainerItemProxy;
			containerPortal = 450A0DE01A275EBD0026102D /* Dispatch.xcodeproj */;
			proxyType = 2;
			remoteGlobalIDString = 459A03F41A18D70000F946BD;
			remoteInfo = iOS;
		};
		450A0DE91A275EBD0026102D /* PBXContainerItemProxy */ = {
			isa = PBXContainerItemProxy;
			containerPortal = 450A0DE01A275EBD0026102D /* Dispatch.xcodeproj */;
			proxyType = 2;
			remoteGlobalIDString = 459A03FE1A18D70000F946BD;
			remoteInfo = iOSTests;
		};
		450A0DEB1A275EBD0026102D /* PBXContainerItemProxy */ = {
			isa = PBXContainerItemProxy;
			containerPortal = 450A0DE01A275EBD0026102D /* Dispatch.xcodeproj */;
			proxyType = 2;
			remoteGlobalIDString = 459A04191A18D74D00F946BD;
			remoteInfo = OSX;
		};
		450A0DED1A275EBD0026102D /* PBXContainerItemProxy */ = {
			isa = PBXContainerItemProxy;
			containerPortal = 450A0DE01A275EBD0026102D /* Dispatch.xcodeproj */;
			proxyType = 2;
			remoteGlobalIDString = 459A04231A18D74D00F946BD;
			remoteInfo = OSXTests;
		};
		450A0DF41A275F500026102D /* PBXContainerItemProxy */ = {
			isa = PBXContainerItemProxy;
			containerPortal = 450A0DE01A275EBD0026102D /* Dispatch.xcodeproj */;
			proxyType = 1;
			remoteGlobalIDString = 459A04181A18D74D00F946BD;
			remoteInfo = OSX;
		};
		452442661A18019400A03A51 /* PBXContainerItemProxy */ = {
			isa = PBXContainerItemProxy;
			containerPortal = 4524425D1A18019400A03A51 /* Standards.xcodeproj */;
			proxyType = 2;
			remoteGlobalIDString = 454234311A16C1170006DB67;
			remoteInfo = OSX;
		};
		452442681A18019400A03A51 /* PBXContainerItemProxy */ = {
			isa = PBXContainerItemProxy;
			containerPortal = 4524425D1A18019400A03A51 /* Standards.xcodeproj */;
			proxyType = 2;
			remoteGlobalIDString = 4542343B1A16C1170006DB67;
			remoteInfo = OSXTests;
		};
		4524426A1A18019400A03A51 /* PBXContainerItemProxy */ = {
			isa = PBXContainerItemProxy;
			containerPortal = 4524425D1A18019400A03A51 /* Standards.xcodeproj */;
			proxyType = 2;
			remoteGlobalIDString = 4542344F1A16C1240006DB67;
			remoteInfo = iOS;
		};
		4524426C1A18019400A03A51 /* PBXContainerItemProxy */ = {
			isa = PBXContainerItemProxy;
			containerPortal = 4524425D1A18019400A03A51 /* Standards.xcodeproj */;
			proxyType = 2;
			remoteGlobalIDString = 454234591A16C1240006DB67;
			remoteInfo = iOSTests;
		};
		4524426E1A18019400A03A51 /* PBXContainerItemProxy */ = {
			isa = PBXContainerItemProxy;
			containerPortal = 4524425D1A18019400A03A51 /* Standards.xcodeproj */;
			proxyType = 2;
			remoteGlobalIDString = 459B090E1A16C90D0068B462;
			remoteInfo = InternalTests;
		};
		452442741A1801DC00A03A51 /* PBXContainerItemProxy */ = {
			isa = PBXContainerItemProxy;
			containerPortal = 4524425D1A18019400A03A51 /* Standards.xcodeproj */;
			proxyType = 1;
			remoteGlobalIDString = 454234301A16C1170006DB67;
			remoteInfo = OSX;
		};
		4524431D1A18059700A03A51 /* PBXContainerItemProxy */ = {
			isa = PBXContainerItemProxy;
			containerPortal = 45D970DD1A1573F50037649F /* EonilFileSystemEvents.xcodeproj */;
			proxyType = 2;
			remoteGlobalIDString = 45D970A61A1569090037649F;
			remoteInfo = EonilFileSystemEvents;
		};
		4524431F1A18059700A03A51 /* PBXContainerItemProxy */ = {
			isa = PBXContainerItemProxy;
			containerPortal = 45D970DD1A1573F50037649F /* EonilFileSystemEvents.xcodeproj */;
			proxyType = 2;
			remoteGlobalIDString = 45D970961A155DD50037649F;
			remoteInfo = InternalTester;
		};
		452443211A18059700A03A51 /* PBXContainerItemProxy */ = {
			isa = PBXContainerItemProxy;
			containerPortal = 45D970DD1A1573F50037649F /* EonilFileSystemEvents.xcodeproj */;
			proxyType = 2;
			remoteGlobalIDString = 45BF99C51A131E3A004E4E2E;
			remoteInfo = TestdriveApp;
		};
		452E4E611A650F09007B490D /* PBXContainerItemProxy */ = {
			isa = PBXContainerItemProxy;
			containerPortal = 452E4E5B1A650F09007B490D /* Text.xcodeproj */;
			proxyType = 2;
			remoteGlobalIDString = 45641AC919F0D52200381269;
			remoteInfo = "Text OSX";
		};
		452E4E631A650F09007B490D /* PBXContainerItemProxy */ = {
			isa = PBXContainerItemProxy;
			containerPortal = 452E4E5B1A650F09007B490D /* Text.xcodeproj */;
			proxyType = 2;
			remoteGlobalIDString = 4584D80319F18D930093E2B1;
			remoteInfo = "Text iOS";
		};
		452E4E651A650F09007B490D /* PBXContainerItemProxy */ = {
			isa = PBXContainerItemProxy;
			containerPortal = 452E4E5B1A650F09007B490D /* Text.xcodeproj */;
			proxyType = 2;
			remoteGlobalIDString = 45D987A019ECE38C00B96829;
			remoteInfo = "Text OSX Test";
		};
		452E4E691A650F15007B490D /* PBXContainerItemProxy */ = {
			isa = PBXContainerItemProxy;
			containerPortal = 458E63581A634CDF006465B3 /* AppKitExtras.xcodeproj */;
			proxyType = 1;
			remoteGlobalIDString = 45FDB2A01A25F7AA00227AB3;
			remoteInfo = AppKitExtras;
		};
		452E4E711A650F25007B490D /* PBXContainerItemProxy */ = {
			isa = PBXContainerItemProxy;
			containerPortal = 452E4E5B1A650F09007B490D /* Text.xcodeproj */;
			proxyType = 1;
			remoteGlobalIDString = 45641AC819F0D52200381269;
			remoteInfo = "Text OSX";
		};
		453F57421A19E5E10035400D /* PBXContainerItemProxy */ = {
			isa = PBXContainerItemProxy;
			containerPortal = 453F57391A19E5E10035400D /* EonilSQLite3.xcodeproj */;
			proxyType = 2;
			remoteGlobalIDString = 4540C72C19FFF59900D7714F;
			remoteInfo = "EonilSQLite3 - OSX";
		};
		453F57441A19E5E10035400D /* PBXContainerItemProxy */ = {
			isa = PBXContainerItemProxy;
			containerPortal = 453F57391A19E5E10035400D /* EonilSQLite3.xcodeproj */;
			proxyType = 2;
			remoteGlobalIDString = 458D62B119C6DD34001E450D;
			remoteInfo = "EonilSQLite3 - iOS";
		};
		453F57461A19E5E10035400D /* PBXContainerItemProxy */ = {
			isa = PBXContainerItemProxy;
			containerPortal = 453F57391A19E5E10035400D /* EonilSQLite3.xcodeproj */;
			proxyType = 2;
			remoteGlobalIDString = 453D22591A068F2100E329B2;
			remoteInfo = "EonilSQLite3 - OSX - Tests";
		};
		453F57481A19E5E10035400D /* PBXContainerItemProxy */ = {
			isa = PBXContainerItemProxy;
			containerPortal = 453F57391A19E5E10035400D /* EonilSQLite3.xcodeproj */;
			proxyType = 2;
			remoteGlobalIDString = 453D22711A0690E700E329B2;
			remoteInfo = "EonilSQLite3 - iOS - Tests";
		};
		453F574A1A19E5E10035400D /* PBXContainerItemProxy */ = {
			isa = PBXContainerItemProxy;
			containerPortal = 453F57391A19E5E10035400D /* EonilSQLite3.xcodeproj */;
			proxyType = 2;
			remoteGlobalIDString = 4540C6F219FFF53C00D7714F;
			remoteInfo = InternalTestForOSX;
		};
		453F574C1A19E5E10035400D /* PBXContainerItemProxy */ = {
			isa = PBXContainerItemProxy;
			containerPortal = 453F57391A19E5E10035400D /* EonilSQLite3.xcodeproj */;
			proxyType = 2;
			remoteGlobalIDString = 459727F11A0F29580097454C;
			remoteInfo = ProfilingExampleOSX;
		};
		458E635D1A634CDF006465B3 /* PBXContainerItemProxy */ = {
			isa = PBXContainerItemProxy;
			containerPortal = 458E63581A634CDF006465B3 /* AppKitExtras.xcodeproj */;
			proxyType = 2;
			remoteGlobalIDString = 45FDB2A11A25F7AA00227AB3;
			remoteInfo = AppKitExtras;
		};
		458E635F1A634CDF006465B3 /* PBXContainerItemProxy */ = {
			isa = PBXContainerItemProxy;
			containerPortal = 458E63581A634CDF006465B3 /* AppKitExtras.xcodeproj */;
			proxyType = 2;
			remoteGlobalIDString = 45FDB2AB1A25F7AA00227AB3;
			remoteInfo = AppKitExtrasTests;
		};
		459E621A1A65EC1100EDEEB9 /* PBXContainerItemProxy */ = {
			isa = PBXContainerItemProxy;
			containerPortal = 45F48F5F1A65E1FE00FF38FB /* EditorFileTreeNavigationFeature.xcodeproj */;
			proxyType = 2;
			remoteGlobalIDString = 45BD26B81A65E9CA003F45D9;
			remoteInfo = EditorFileTreeNavigationFeatureInteractiveTester;
		};
		459E621E1A65EC1100EDEEB9 /* PBXContainerItemProxy */ = {
			isa = PBXContainerItemProxy;
			containerPortal = 45F48F5F1A65E1FE00FF38FB /* EditorFileTreeNavigationFeature.xcodeproj */;
			proxyType = 1;
			remoteGlobalIDString = 45F48F421A65E1FE00FF38FB;
			remoteInfo = EditorFileTreeNavigationFeature;
		};
		45D1B2371A66856200B48431 /* PBXContainerItemProxy */ = {
			isa = PBXContainerItemProxy;
			containerPortal = 45D1B22E1A66856100B48431 /* EditorFileContentEditingFeature.xcodeproj */;
			proxyType = 2;
			remoteGlobalIDString = 45D1B2121A66856100B48431;
			remoteInfo = EditorFileContentEditingFeature;
		};
		45D1B2391A66856200B48431 /* PBXContainerItemProxy */ = {
			isa = PBXContainerItemProxy;
			containerPortal = 45D1B22E1A66856100B48431 /* EditorFileContentEditingFeature.xcodeproj */;
			proxyType = 2;
			remoteGlobalIDString = 45D1B21D1A66856100B48431;
			remoteInfo = EditorFileContentEditingFeatureTests;
		};
		45EF319B1A18DE9A00DAF925 /* PBXContainerItemProxy */ = {
			isa = PBXContainerItemProxy;
			containerPortal = 45D970DD1A1573F50037649F /* EonilFileSystemEvents.xcodeproj */;
			proxyType = 1;
			remoteGlobalIDString = 45D970A51A1569090037649F;
			remoteInfo = EonilFileSystemEvents;
		};
		45F48F641A65E1FF00FF38FB /* PBXContainerItemProxy */ = {
			isa = PBXContainerItemProxy;
			containerPortal = 45F48F5F1A65E1FE00FF38FB /* EditorFileTreeNavigationFeature.xcodeproj */;
			proxyType = 2;
			remoteGlobalIDString = 45F48F431A65E1FE00FF38FB;
			remoteInfo = EditorFileTreeNavigationFeature;
		};
		45F48F661A65E1FF00FF38FB /* PBXContainerItemProxy */ = {
			isa = PBXContainerItemProxy;
			containerPortal = 45F48F5F1A65E1FE00FF38FB /* EditorFileTreeNavigationFeature.xcodeproj */;
			proxyType = 2;
			remoteGlobalIDString = 45F48F4E1A65E1FE00FF38FB;
			remoteInfo = EditorFileTreeNavigationFeatureTests;
		};
		45FE1AC31A65E303002B9D1B /* PBXContainerItemProxy */ = {
			isa = PBXContainerItemProxy;
			containerPortal = 4538576B1A626FC200DC693D /* Precompilation.xcodeproj */;
			proxyType = 2;
			remoteGlobalIDString = 4538574F1A626FC200DC693D;
			remoteInfo = Precompilation;
		};
		45FE1AC51A65E303002B9D1B /* PBXContainerItemProxy */ = {
			isa = PBXContainerItemProxy;
			containerPortal = 4538576B1A626FC200DC693D /* Precompilation.xcodeproj */;
			proxyType = 2;
			remoteGlobalIDString = 45A6DB401A63AAE600DFB9CE;
			remoteInfo = PrecompilationOfExternalToolSupport;
		};
		45FE1AC71A65E303002B9D1B /* PBXContainerItemProxy */ = {
			isa = PBXContainerItemProxy;
			containerPortal = 4538576B1A626FC200DC693D /* Precompilation.xcodeproj */;
			proxyType = 2;
			remoteGlobalIDString = 45A6DADD1A63A29F00DFB9CE;
			remoteInfo = PrecompilationUnitTest;
		};
		45FE1AC91A65E303002B9D1B /* PBXContainerItemProxy */ = {
			isa = PBXContainerItemProxy;
			containerPortal = 4538576B1A626FC200DC693D /* Precompilation.xcodeproj */;
			proxyType = 2;
			remoteGlobalIDString = 4538577A1A62700400DC693D;
			remoteInfo = PrecompilationInteractiveWorkbench;
		};
		45FE1ACD1A65E311002B9D1B /* PBXContainerItemProxy */ = {
			isa = PBXContainerItemProxy;
			containerPortal = 4538576B1A626FC200DC693D /* Precompilation.xcodeproj */;
			proxyType = 1;
			remoteGlobalIDString = 4538574E1A626FC200DC693D;
			remoteInfo = Precompilation;
		};
		45FE1AD11A65E311002B9D1B /* PBXContainerItemProxy */ = {
			isa = PBXContainerItemProxy;
			containerPortal = 4538576B1A626FC200DC693D /* Precompilation.xcodeproj */;
			proxyType = 1;
			remoteGlobalIDString = 45A6DB3F1A63AAE500DFB9CE;
			remoteInfo = PrecompilationOfExternalToolSupport;
		};
/* End PBXContainerItemProxy section */

/* Begin PBXCopyFilesBuildPhase section */
		4538571A1A622D0000DC693D /* CopyFiles */ = {
			isa = PBXCopyFilesBuildPhase;
			buildActionMask = 2147483647;
			dstPath = /usr/share/man/man1/;
			dstSubfolderSpec = 0;
			files = (
			);
			runOnlyForDeploymentPostprocessing = 1;
		};
		45D970FD1A15741E0037649F /* Embed Frameworks */ = {
			isa = PBXCopyFilesBuildPhase;
			buildActionMask = 2147483647;
			dstPath = "";
			dstSubfolderSpec = 10;
			files = (
				450A0E081A275F600026102D /* EonilDispatch.framework in Embed Frameworks */,
				452E4E701A650F24007B490D /* EonilText.framework in Embed Frameworks */,
				45FE1AD01A65E311002B9D1B /* PrecompilationOfExternalToolSupport.framework in Embed Frameworks */,
				453F57511A19E5F30035400D /* EonilSQLite3.framework in Embed Frameworks */,
				459E621D1A65EC1100EDEEB9 /* EditorFileTreeNavigationFeature.framework in Embed Frameworks */,
				45FE1ACC1A65E311002B9D1B /* Precompilation.framework in Embed Frameworks */,
				452442731A1801DC00A03A51 /* Standards.framework in Embed Frameworks */,
				45EF319A1A18DE9900DAF925 /* EonilFileSystemEvents.framework in Embed Frameworks */,
				452E4E681A650F15007B490D /* AppKitExtras.framework in Embed Frameworks */,
			);
			name = "Embed Frameworks";
			runOnlyForDeploymentPostprocessing = 0;
		};
/* End PBXCopyFilesBuildPhase section */

/* Begin PBXFileReference section */
		450A0DE01A275EBD0026102D /* Dispatch.xcodeproj */ = {isa = PBXFileReference; lastKnownFileType = "wrapper.pb-project"; name = Dispatch.xcodeproj; path = Submodules/Monolith.Swift/Dispatch/Dispatch.xcodeproj; sourceTree = "<group>"; };
		4514A76C1A11C7D200F25ED8 /* RustProjectDocument.swift */ = {isa = PBXFileReference; fileEncoding = 4; lastKnownFileType = sourcecode.swift; path = RustProjectDocument.swift; sourceTree = "<group>"; };
		4514A7721A11C81200F25ED8 /* RustSourceCodeFileDocument.swift */ = {isa = PBXFileReference; fileEncoding = 4; lastKnownFileType = sourcecode.swift; path = RustSourceCodeFileDocument.swift; sourceTree = "<group>"; };
		451740DD1A102FA300861ECC /* ScrollViewController.swift */ = {isa = PBXFileReference; fileEncoding = 4; lastKnownFileType = sourcecode.swift; path = ScrollViewController.swift; sourceTree = "<group>"; };
		451740DE1A102FA300861ECC /* TextScrollViewController.swift */ = {isa = PBXFileReference; fileEncoding = 4; lastKnownFileType = sourcecode.swift; path = TextScrollViewController.swift; sourceTree = "<group>"; };
		451740DF1A102FA300861ECC /* TextViewController.swift */ = {isa = PBXFileReference; fileEncoding = 4; lastKnownFileType = sourcecode.swift; path = TextViewController.swift; sourceTree = "<group>"; };
		45204C7F1A63300900929A17 /* ApplicationController.swift */ = {isa = PBXFileReference; fileEncoding = 4; lastKnownFileType = sourcecode.swift; path = ApplicationController.swift; sourceTree = "<group>"; };
		4524425D1A18019400A03A51 /* Standards.xcodeproj */ = {isa = PBXFileReference; lastKnownFileType = "wrapper.pb-project"; name = Standards.xcodeproj; path = Submodules/Monolith.Swift/Standards/Standards.xcodeproj; sourceTree = "<group>"; };
		452A121C1A107E4C00E38F35 /* IssueListingViewController.swift */ = {isa = PBXFileReference; fileEncoding = 4; lastKnownFileType = sourcecode.swift; path = IssueListingViewController.swift; sourceTree = "<group>"; };
		452A121E1A107EC500E38F35 /* TableScrollViewController.swift */ = {isa = PBXFileReference; fileEncoding = 4; lastKnownFileType = sourcecode.swift; path = TableScrollViewController.swift; sourceTree = "<group>"; };
		452A12201A107FF000E38F35 /* TableViewController.swift */ = {isa = PBXFileReference; fileEncoding = 4; lastKnownFileType = sourcecode.swift; path = TableViewController.swift; sourceTree = "<group>"; };
		452A12221A1082B900E38F35 /* LayoutConstraint.swift */ = {isa = PBXFileReference; fileEncoding = 4; lastKnownFileType = sourcecode.swift; path = LayoutConstraint.swift; sourceTree = "<group>"; };
		452B92B81A12C6A100E66E87 /* FileTreeViewController3.swift */ = {isa = PBXFileReference; fileEncoding = 4; lastKnownFileType = sourcecode.swift; path = FileTreeViewController3.swift; sourceTree = "<group>"; };
		452B92C01A12CC3B00E66E87 /* Deduplicate.swift */ = {isa = PBXFileReference; fileEncoding = 4; lastKnownFileType = sourcecode.swift; path = Deduplicate.swift; sourceTree = "<group>"; };
		452E4E5B1A650F09007B490D /* Text.xcodeproj */ = {isa = PBXFileReference; lastKnownFileType = "wrapper.pb-project"; name = Text.xcodeproj; path = Submodules/Monolith.Swift/Text/Text.xcodeproj; sourceTree = "<group>"; };
		45358A351A17FE8800AF5F7C /* HygienicWindowController.swift */ = {isa = PBXFileReference; fileEncoding = 4; lastKnownFileType = sourcecode.swift; path = HygienicWindowController.swift; sourceTree = "<group>"; };
		4538571C1A622D0000DC693D /* UnitTests */ = {isa = PBXFileReference; explicitFileType = "compiled.mach-o.executable"; includeInIndex = 0; path = UnitTests; sourceTree = BUILT_PRODUCTS_DIR; };
		4538571E1A622D0000DC693D /* main.swift */ = {isa = PBXFileReference; lastKnownFileType = sourcecode.swift; path = main.swift; sourceTree = "<group>"; };
		4538573B1A62321E00DC693D /* UnitTest.swift */ = {isa = PBXFileReference; fileEncoding = 4; lastKnownFileType = sourcecode.swift; path = UnitTest.swift; sourceTree = "<group>"; };
		4538576B1A626FC200DC693D /* Precompilation.xcodeproj */ = {isa = PBXFileReference; lastKnownFileType = "wrapper.pb-project"; name = Precompilation.xcodeproj; path = Precompilation/Precompilation.xcodeproj; sourceTree = "<group>"; };
		453DE8061A34B763001BEF29 /* Tools */ = {isa = PBXFileReference; lastKnownFileType = folder; path = Tools; sourceTree = "<group>"; };
		453F57391A19E5E10035400D /* EonilSQLite3.xcodeproj */ = {isa = PBXFileReference; lastKnownFileType = "wrapper.pb-project"; name = EonilSQLite3.xcodeproj; path = Submodules/SQLite3/EonilSQLite3.xcodeproj; sourceTree = "<group>"; };
		45402ABA1A153C4E00127E50 /* FileSystemMonitor2.swift */ = {isa = PBXFileReference; fileEncoding = 4; lastKnownFileType = sourcecode.swift; path = FileSystemMonitor2.swift; sourceTree = "<group>"; };
		454482011A6328BE005576CB /* WorkspaceNavigationViewController.swift */ = {isa = PBXFileReference; fileEncoding = 4; lastKnownFileType = sourcecode.swift; path = WorkspaceNavigationViewController.swift; sourceTree = "<group>"; };
		454482151A6328E7005576CB /* WorkspaceEditingViewController.swift */ = {isa = PBXFileReference; fileEncoding = 4; lastKnownFileType = sourcecode.swift; path = WorkspaceEditingViewController.swift; sourceTree = "<group>"; };
		454482171A6328FC005576CB /* WorkspaceUtilityViewController.swift */ = {isa = PBXFileReference; fileEncoding = 4; lastKnownFileType = sourcecode.swift; path = WorkspaceUtilityViewController.swift; sourceTree = "<group>"; };
		454482191A632917005576CB /* WorkspaceReportingViewController.swift */ = {isa = PBXFileReference; fileEncoding = 4; lastKnownFileType = sourcecode.swift; path = WorkspaceReportingViewController.swift; sourceTree = "<group>"; };
		4544821B1A632937005576CB /* WorkspaceMenuController.swift */ = {isa = PBXFileReference; fileEncoding = 4; lastKnownFileType = sourcecode.swift; path = WorkspaceMenuController.swift; sourceTree = "<group>"; };
		454C65F01A15E4DE009A160D /* MarkdownFile.icns */ = {isa = PBXFileReference; lastKnownFileType = image.icns; path = MarkdownFile.icns; sourceTree = "<group>"; };
		454E42AA1A13D244007BEE79 /* FileTreeRepository4.swift */ = {isa = PBXFileReference; fileEncoding = 4; lastKnownFileType = sourcecode.swift; path = FileTreeRepository4.swift; sourceTree = "<group>"; };
		454E42AC1A13D24F007BEE79 /* FileTreeViewController4.swift */ = {isa = PBXFileReference; fileEncoding = 4; lastKnownFileType = sourcecode.swift; path = FileTreeViewController4.swift; sourceTree = "<group>"; };
		454FFC071A141461000C0200 /* FileSystemService.swift */ = {isa = PBXFileReference; fileEncoding = 4; lastKnownFileType = sourcecode.swift; path = FileSystemService.swift; sourceTree = "<group>"; };
		454FFC0B1A142DF3000C0200 /* FileSystemMonitor.swift */ = {isa = PBXFileReference; fileEncoding = 4; lastKnownFileType = sourcecode.swift; path = FileSystemMonitor.swift; sourceTree = "<group>"; };
		455795261A4CD4CD0011C34E /* TypeAliases.swift */ = {isa = PBXFileReference; fileEncoding = 4; lastKnownFileType = sourcecode.swift; path = TypeAliases.swift; sourceTree = "<group>"; };
		4557D8951A116D6800D6C53B /* FileTreeViewController.swift */ = {isa = PBXFileReference; fileEncoding = 4; lastKnownFileType = sourcecode.swift; path = FileTreeViewController.swift; sourceTree = "<group>"; };
		4557D8971A11738E00D6C53B /* ViewController.swift */ = {isa = PBXFileReference; fileEncoding = 4; lastKnownFileType = sourcecode.swift; path = ViewController.swift; sourceTree = "<group>"; };
		455F5DE61A1289B900A17A31 /* FileNode3.swift */ = {isa = PBXFileReference; fileEncoding = 4; lastKnownFileType = sourcecode.swift; path = FileNode3.swift; sourceTree = "<group>"; };
		455FC56C1A637C2F00266BD5 /* IssueRepository.swift */ = {isa = PBXFileReference; fileEncoding = 4; lastKnownFileType = sourcecode.swift; path = IssueRepository.swift; sourceTree = "<group>"; };
		45646D5A1A45F9F9009697C1 /* RustAutocompletionWindowController.swift */ = {isa = PBXFileReference; fileEncoding = 4; lastKnownFileType = sourcecode.swift; path = RustAutocompletionWindowController.swift; sourceTree = "<group>"; };
		45700EE01A11F65100415EB2 /* FileNode.swift */ = {isa = PBXFileReference; fileEncoding = 4; lastKnownFileType = sourcecode.swift; path = FileNode.swift; sourceTree = "<group>"; };
		457340FF1A19F22900C93C2E /* SQLite3DatabaseEditingWindowController.swift */ = {isa = PBXFileReference; fileEncoding = 4; lastKnownFileType = sourcecode.swift; path = SQLite3DatabaseEditingWindowController.swift; sourceTree = "<group>"; };
		457341001A19F22900C93C2E /* SQLite3DatabaseFileDocument.swift */ = {isa = PBXFileReference; fileEncoding = 4; lastKnownFileType = sourcecode.swift; path = SQLite3DatabaseFileDocument.swift; sourceTree = "<group>"; };
		457341031A19F75100C93C2E /* EmptyOutlineViewController.swift */ = {isa = PBXFileReference; fileEncoding = 4; lastKnownFileType = sourcecode.swift; path = EmptyOutlineViewController.swift; sourceTree = "<group>"; };
		45756F641A6537860017AA4B /* WorkspaceUtility.swift */ = {isa = PBXFileReference; fileEncoding = 4; lastKnownFileType = sourcecode.swift; path = WorkspaceUtility.swift; sourceTree = "<group>"; };
		45756F7A1A6540AA0017AA4B /* FileSystemMonitor3.swift */ = {isa = PBXFileReference; fileEncoding = 4; lastKnownFileType = sourcecode.swift; path = FileSystemMonitor3.swift; sourceTree = "<group>"; };
		45756F7C1A6548990017AA4B /* PlainFileFolderWindowController.swift */ = {isa = PBXFileReference; fileEncoding = 4; lastKnownFileType = sourcecode.swift; path = PlainFileFolderWindowController.swift; sourceTree = "<group>"; };
		457C05B81A15D91900D062FE /* RustProject.iconset */ = {isa = PBXFileReference; lastKnownFileType = folder.iconset; path = RustProject.iconset; sourceTree = "<group>"; };
		457C05B91A15D91900D062FE /* RustSourceCodeFile.iconset */ = {isa = PBXFileReference; lastKnownFileType = folder.iconset; path = RustSourceCodeFile.iconset; sourceTree = "<group>"; };
		457D5CE51A63287C008ECE6F /* WorkspaceDocument.swift */ = {isa = PBXFileReference; fileEncoding = 4; lastKnownFileType = sourcecode.swift; path = WorkspaceDocument.swift; sourceTree = "<group>"; };
		457D5CE71A63288B008ECE6F /* WorkspaceMainWindowController.swift */ = {isa = PBXFileReference; fileEncoding = 4; lastKnownFileType = sourcecode.swift; path = WorkspaceMainWindowController.swift; sourceTree = "<group>"; };
		457DD5D11A125C3D00324681 /* FileNode2.swift */ = {isa = PBXFileReference; fileEncoding = 4; lastKnownFileType = sourcecode.swift; path = FileNode2.swift; sourceTree = "<group>"; };
		458E63581A634CDF006465B3 /* AppKitExtras.xcodeproj */ = {isa = PBXFileReference; lastKnownFileType = "wrapper.pb-project"; name = AppKitExtras.xcodeproj; path = Submodules/Monolith.Swift/AppKitExtras/AppKitExtras.xcodeproj; sourceTree = "<group>"; };
		459433AE1A45EBBE008B2CFF /* TextEditingViewController.swift */ = {isa = PBXFileReference; fileEncoding = 4; lastKnownFileType = sourcecode.swift; path = TextEditingViewController.swift; sourceTree = "<group>"; };
		459433B01A45F01C008B2CFF /* ScrollViewController2.swift */ = {isa = PBXFileReference; fileEncoding = 4; lastKnownFileType = sourcecode.swift; path = ScrollViewController2.swift; sourceTree = "<group>"; };
		4597F81D1A113D100089FC66 /* Box.swift */ = {isa = PBXFileReference; fileEncoding = 4; lastKnownFileType = sourcecode.swift; path = Box.swift; sourceTree = "<group>"; };
		4597F81F1A113D100089FC66 /* LinkList.swift */ = {isa = PBXFileReference; fileEncoding = 4; lastKnownFileType = sourcecode.swift; path = LinkList.swift; sourceTree = "<group>"; };
		4597F8201A113D100089FC66 /* NotifierAndObserver.swift */ = {isa = PBXFileReference; fileEncoding = 4; lastKnownFileType = sourcecode.swift; path = NotifierAndObserver.swift; sourceTree = "<group>"; };
		4597F8211A113D100089FC66 /* XML.Navigator.swift */ = {isa = PBXFileReference; fileEncoding = 4; lastKnownFileType = sourcecode.swift; path = XML.Navigator.swift; sourceTree = "<group>"; };
		4597F8221A113D100089FC66 /* XML.swift */ = {isa = PBXFileReference; fileEncoding = 4; lastKnownFileType = sourcecode.swift; path = XML.swift; sourceTree = "<group>"; };
		4597F8231A113D100089FC66 /* XML.Test.swift */ = {isa = PBXFileReference; fileEncoding = 4; lastKnownFileType = sourcecode.swift; path = XML.Test.swift; sourceTree = "<group>"; };
		459E62451A65ED3300EDEEB9 /* WorkspaceWindowController.swift */ = {isa = PBXFileReference; fileEncoding = 4; lastKnownFileType = sourcecode.swift; path = WorkspaceWindowController.swift; sourceTree = "<group>"; };
		45A6DAAA1A6388FD00DFB9CE /* ArrayReportingController.swift */ = {isa = PBXFileReference; fileEncoding = 4; lastKnownFileType = sourcecode.swift; path = ArrayReportingController.swift; sourceTree = "<group>"; };
		45A6DAAC1A639A2C00DFB9CE /* Issue.swift */ = {isa = PBXFileReference; fileEncoding = 4; lastKnownFileType = sourcecode.swift; path = Issue.swift; sourceTree = "<group>"; };
		45A6DAAD1A639A2C00DFB9CE /* RustCompilerIssueParsing.swift */ = {isa = PBXFileReference; fileEncoding = 4; lastKnownFileType = sourcecode.swift; path = RustCompilerIssueParsing.swift; sourceTree = "<group>"; };
		45A6DAB31A639AD500DFB9CE /* PassiveDataClassGeneratorWindowController.swift */ = {isa = PBXFileReference; fileEncoding = 4; lastKnownFileType = sourcecode.swift; path = PassiveDataClassGeneratorWindowController.swift; sourceTree = "<group>"; };
		45A6DAB51A639AD500DFB9CE /* DataSchema.swift */ = {isa = PBXFileReference; fileEncoding = 4; lastKnownFileType = sourcecode.swift; path = DataSchema.swift; sourceTree = "<group>"; };
		45A6DAB61A639AD500DFB9CE /* SchemaInferencerWindowController.swift */ = {isa = PBXFileReference; fileEncoding = 4; lastKnownFileType = sourcecode.swift; path = SchemaInferencerWindowController.swift; sourceTree = "<group>"; };
		45B89C311A15E05100D03648 /* MarkdownFileDocument.swift */ = {isa = PBXFileReference; fileEncoding = 4; lastKnownFileType = sourcecode.swift; path = MarkdownFileDocument.swift; sourceTree = "<group>"; };
		45BBB0E41A1022A10055232E /* Editor.app */ = {isa = PBXFileReference; explicitFileType = wrapper.application; includeInIndex = 0; path = Editor.app; sourceTree = BUILT_PRODUCTS_DIR; };
		45BBB0E81A1022A10055232E /* Info.plist */ = {isa = PBXFileReference; lastKnownFileType = text.plist.xml; path = Info.plist; sourceTree = "<group>"; };
		45BBB0EB1A1022A10055232E /* Images.xcassets */ = {isa = PBXFileReference; lastKnownFileType = folder.assetcatalog; path = Images.xcassets; sourceTree = "<group>"; };
		45BBB0EE1A1022A10055232E /* Base */ = {isa = PBXFileReference; lastKnownFileType = file.xib; name = Base; path = Base.lproj/MainMenu.xib; sourceTree = "<group>"; };
		45CAD9341A4B145100EDF02D /* SyntaxHighlighting.swift */ = {isa = PBXFileReference; fileEncoding = 4; lastKnownFileType = sourcecode.swift; path = SyntaxHighlighting.swift; sourceTree = "<group>"; };
		45D158F41A113FE900B25657 /* CodeEditingViewController.swift */ = {isa = PBXFileReference; fileEncoding = 4; lastKnownFileType = sourcecode.swift; path = CodeEditingViewController.swift; sourceTree = "<group>"; };
		45D158F91A11401D00B25657 /* Palette.swift */ = {isa = PBXFileReference; fileEncoding = 4; lastKnownFileType = sourcecode.swift; path = Palette.swift; sourceTree = "<group>"; };
		45D1B22E1A66856100B48431 /* EditorFileContentEditingFeature.xcodeproj */ = {isa = PBXFileReference; lastKnownFileType = "wrapper.pb-project"; name = EditorFileContentEditingFeature.xcodeproj; path = EditorFileContentEditingFeature/EditorFileContentEditingFeature.xcodeproj; sourceTree = "<group>"; };
		45D7F6DE1A11540D00E792D1 /* TextLayoutQuery.swift */ = {isa = PBXFileReference; fileEncoding = 4; lastKnownFileType = sourcecode.swift; path = TextLayoutQuery.swift; sourceTree = "<group>"; };
		45D8D8F01A48E99200AE42C8 /* HygienicWindowController2.swift */ = {isa = PBXFileReference; fileEncoding = 4; lastKnownFileType = sourcecode.swift; path = HygienicWindowController2.swift; sourceTree = "<group>"; };
		45D8D9011A48ED3600AE42C8 /* HygienicViewController.swift */ = {isa = PBXFileReference; fileEncoding = 4; lastKnownFileType = sourcecode.swift; path = HygienicViewController.swift; sourceTree = "<group>"; };
		45D970DD1A1573F50037649F /* EonilFileSystemEvents.xcodeproj */ = {isa = PBXFileReference; lastKnownFileType = "wrapper.pb-project"; name = EonilFileSystemEvents.xcodeproj; path = EonilFileSystemEvents/Project/EonilFileSystemEvents.xcodeproj; sourceTree = "<group>"; };
		45DA955F1A69DAE70091410B /* CodeEditingFileMonitor.swift */ = {isa = PBXFileReference; fileEncoding = 4; lastKnownFileType = sourcecode.swift; path = CodeEditingFileMonitor.swift; sourceTree = "<group>"; };
		45DFBD9C1A15C7A3007EBB02 /* ObjCRuntime.swift */ = {isa = PBXFileReference; fileEncoding = 4; lastKnownFileType = sourcecode.swift; path = ObjCRuntime.swift; sourceTree = "<group>"; };
		45DFBDA11A15CE9B007EBB02 /* TargetActionFunctionBox.swift */ = {isa = PBXFileReference; fileEncoding = 4; lastKnownFileType = sourcecode.swift; path = TargetActionFunctionBox.swift; sourceTree = "<group>"; };
		45F48F1D1A65E1D100FF38FB /* Info.plist */ = {isa = PBXFileReference; lastKnownFileType = text.plist.xml; path = Info.plist; sourceTree = "<group>"; };
		45F48F1E1A65E1D100FF38FB /* EditorFileTreeNavigationFeature.h */ = {isa = PBXFileReference; lastKnownFileType = sourcecode.c.h; path = EditorFileTreeNavigationFeature.h; sourceTree = "<group>"; };
		45F48F2C1A65E1D100FF38FB /* Info.plist */ = {isa = PBXFileReference; lastKnownFileType = text.plist.xml; path = Info.plist; sourceTree = "<group>"; };
		45F48F2D1A65E1D100FF38FB /* EditorFileTreeNavigationFeatureTests.swift */ = {isa = PBXFileReference; lastKnownFileType = sourcecode.swift; path = EditorFileTreeNavigationFeatureTests.swift; sourceTree = "<group>"; };
		45F48F5F1A65E1FE00FF38FB /* EditorFileTreeNavigationFeature.xcodeproj */ = {isa = PBXFileReference; lastKnownFileType = "wrapper.pb-project"; name = EditorFileTreeNavigationFeature.xcodeproj; path = EditorFileTreeNavigationFeature/EditorFileTreeNavigationFeature.xcodeproj; sourceTree = "<group>"; };
		45F6C1121A1195A5005D8EEA /* CommandConsoleViewController.swift */ = {isa = PBXFileReference; fileEncoding = 4; lastKnownFileType = sourcecode.swift; path = CommandConsoleViewController.swift; sourceTree = "<group>"; };
		45F6C1141A119726005D8EEA /* VisualEffectViewController.swift */ = {isa = PBXFileReference; fileEncoding = 4; lastKnownFileType = sourcecode.swift; path = VisualEffectViewController.swift; sourceTree = "<group>"; };
		45FE101C1A12994300834358 /* FileTreeViewController2.swift */ = {isa = PBXFileReference; fileEncoding = 4; lastKnownFileType = sourcecode.swift; path = FileTreeViewController2.swift; sourceTree = "<group>"; };
/* End PBXFileReference section */

/* Begin PBXFrameworksBuildPhase section */
		453857191A622D0000DC693D /* Frameworks */ = {
			isa = PBXFrameworksBuildPhase;
			buildActionMask = 2147483647;
			files = (
			);
			runOnlyForDeploymentPostprocessing = 0;
		};
		45BBB0E11A1022A10055232E /* Frameworks */ = {
			isa = PBXFrameworksBuildPhase;
			buildActionMask = 2147483647;
			files = (
				450A0E061A275F550026102D /* EonilDispatch.framework in Frameworks */,
				452E4E6F1A650F24007B490D /* EonilText.framework in Frameworks */,
				45FE1ACF1A65E311002B9D1B /* PrecompilationOfExternalToolSupport.framework in Frameworks */,
				453F574E1A19E5EB0035400D /* EonilSQLite3.framework in Frameworks */,
				459E621C1A65EC1100EDEEB9 /* EditorFileTreeNavigationFeature.framework in Frameworks */,
				45FE1ACB1A65E311002B9D1B /* Precompilation.framework in Frameworks */,
				452442711A1801D800A03A51 /* Standards.framework in Frameworks */,
				45EF31991A18DE9900DAF925 /* EonilFileSystemEvents.framework in Frameworks */,
				452E4E671A650F15007B490D /* AppKitExtras.framework in Frameworks */,
			);
			runOnlyForDeploymentPostprocessing = 0;
		};
/* End PBXFrameworksBuildPhase section */

/* Begin PBXGroup section */
		450A0DE11A275EBD0026102D /* Products */ = {
			isa = PBXGroup;
			children = (
				450A0DE81A275EBD0026102D /* EonilDispatch.framework */,
				450A0DEA1A275EBD0026102D /* iOSTests.xctest */,
				450A0DEC1A275EBD0026102D /* EonilDispatch.framework */,
				450A0DEE1A275EBD0026102D /* OSXTests.xctest */,
			);
			name = Products;
			sourceTree = "<group>";
		};
		4514A76B1A11C7CB00F25ED8 /* Documents */ = {
			isa = PBXGroup;
			children = (
				457D5CE31A63287C008ECE6F /* Workspace */,
				456655511A65280A008303E0 /* (junkyard) */,
				457340FE1A19F22900C93C2E /* SQLite3 */,
			);
			path = Documents;
			sourceTree = "<group>";
		};
		451740D71A102F1900861ECC /* SpecificUIComponents */ = {
			isa = PBXGroup;
			children = (
				459433AD1A45EBB4008B2CFF /* TextEditing */,
				45D158F31A113FD900B25657 /* CodeEditing */,
				452A121B1A107E3A00E38F35 /* IssueListing */,
				45F6C1111A11959C005D8EEA /* CommandConsole */,
				453F57531A19EB540035400D /* SQLite3DatabaseEditing */,
				453857441A626F9A00DC693D /* Dialogues */,
				45D158F81A11401800B25657 /* Presets */,
			);
			path = SpecificUIComponents;
			sourceTree = "<group>";
		};
		451740DC1A102FA300861ECC /* ProtoUIComponents */ = {
			isa = PBXGroup;
			children = (
				45D8D8F01A48E99200AE42C8 /* HygienicWindowController2.swift */,
				45358A351A17FE8800AF5F7C /* HygienicWindowController.swift */,
				45D8D9011A48ED3600AE42C8 /* HygienicViewController.swift */,
				451740DE1A102FA300861ECC /* TextScrollViewController.swift */,
				452A12201A107FF000E38F35 /* TableViewController.swift */,
				451740DD1A102FA300861ECC /* ScrollViewController.swift */,
				459433B01A45F01C008B2CFF /* ScrollViewController2.swift */,
				451740DF1A102FA300861ECC /* TextViewController.swift */,
				45F6C1141A119726005D8EEA /* VisualEffectViewController.swift */,
				452A12221A1082B900E38F35 /* LayoutConstraint.swift */,
				45D7F6DE1A11540D00E792D1 /* TextLayoutQuery.swift */,
				457341031A19F75100C93C2E /* EmptyOutlineViewController.swift */,
				453DC3571A63AD8C00BF62DF /* (junkyard) */,
			);
			path = ProtoUIComponents;
			sourceTree = "<group>";
		};
		4524425E1A18019400A03A51 /* Products */ = {
			isa = PBXGroup;
			children = (
				452442671A18019400A03A51 /* Standards.framework */,
				452442691A18019400A03A51 /* OSXTests.xctest */,
				4524426B1A18019400A03A51 /* Standards.framework */,
				4524426D1A18019400A03A51 /* iOSTests.xctest */,
				4524426F1A18019400A03A51 /* InternalTests.app */,
			);
			name = Products;
			sourceTree = "<group>";
		};
		452442761A1804ED00A03A51 /* Submodules */ = {
			isa = PBXGroup;
			children = (
				458E63581A634CDF006465B3 /* AppKitExtras.xcodeproj */,
				450A0DE01A275EBD0026102D /* Dispatch.xcodeproj */,
				4524425D1A18019400A03A51 /* Standards.xcodeproj */,
				453F57391A19E5E10035400D /* EonilSQLite3.xcodeproj */,
				452E4E5B1A650F09007B490D /* Text.xcodeproj */,
			);
			name = Submodules;
			sourceTree = "<group>";
		};
		452442781A1804FE00A03A51 /* Subprojects */ = {
			isa = PBXGroup;
			children = (
				4538576B1A626FC200DC693D /* Precompilation.xcodeproj */,
				45F48F5F1A65E1FE00FF38FB /* EditorFileTreeNavigationFeature.xcodeproj */,
				45D1B22E1A66856100B48431 /* EditorFileContentEditingFeature.xcodeproj */,
				45D970DD1A1573F50037649F /* EonilFileSystemEvents.xcodeproj */,
			);
			path = Subprojects;
			sourceTree = "<group>";
		};
		452443161A18059700A03A51 /* Products */ = {
			isa = PBXGroup;
			children = (
				4524431E1A18059700A03A51 /* EonilFileSystemEvents.framework */,
				452443201A18059700A03A51 /* InternalTester */,
				452443221A18059700A03A51 /* TestdriveApp.app */,
			);
			name = Products;
			sourceTree = "<group>";
		};
		452A121B1A107E3A00E38F35 /* IssueListing */ = {
			isa = PBXGroup;
			children = (
				452A121C1A107E4C00E38F35 /* IssueListingViewController.swift */,
				45A6DAAC1A639A2C00DFB9CE /* Issue.swift */,
				45A6DAAD1A639A2C00DFB9CE /* RustCompilerIssueParsing.swift */,
			);
			path = IssueListing;
			sourceTree = "<group>";
		};
		452E4E5C1A650F09007B490D /* Products */ = {
			isa = PBXGroup;
			children = (
				452E4E621A650F09007B490D /* EonilText.framework */,
				452E4E641A650F09007B490D /* EonilText.framework */,
				452E4E661A650F09007B490D /* EonilTextTest */,
			);
			name = Products;
			sourceTree = "<group>";
		};
		4538571D1A622D0000DC693D /* UnitTests */ = {
			isa = PBXGroup;
			children = (
				4538571E1A622D0000DC693D /* main.swift */,
			);
			path = UnitTests;
			sourceTree = "<group>";
		};
		453857441A626F9A00DC693D /* Dialogues */ = {
			isa = PBXGroup;
			children = (
			);
			path = Dialogues;
			sourceTree = "<group>";
		};
		453DC3571A63AD8C00BF62DF /* (junkyard) */ = {
			isa = PBXGroup;
			children = (
				4557D8971A11738E00D6C53B /* ViewController.swift */,
				452A121E1A107EC500E38F35 /* TableScrollViewController.swift */,
			);
			name = "(junkyard)";
			sourceTree = "<group>";
		};
		453F573A1A19E5E10035400D /* Products */ = {
			isa = PBXGroup;
			children = (
				453F57431A19E5E10035400D /* EonilSQLite3.framework */,
				453F57451A19E5E10035400D /* EonilSQLite3.framework */,
				453F57471A19E5E10035400D /* EonilSQLite3 - OSX - Tests.xctest */,
				453F57491A19E5E10035400D /* EonilSQLite3 - iOS - Tests.xctest */,
				453F574B1A19E5E10035400D /* InternalTestForOSX */,
				453F574D1A19E5E10035400D /* ProfilingExampleOSX.app */,
			);
			name = Products;
			sourceTree = "<group>";
		};
		453F57531A19EB540035400D /* SQLite3DatabaseEditing */ = {
			isa = PBXGroup;
			children = (
			);
			path = SQLite3DatabaseEditing;
			sourceTree = "<group>";
		};
		454E42AE1A13D257007BEE79 /* (junkyard) */ = {
			isa = PBXGroup;
			children = (
				454FFC0B1A142DF3000C0200 /* FileSystemMonitor.swift */,
				4557D8951A116D6800D6C53B /* FileTreeViewController.swift */,
				45700EE01A11F65100415EB2 /* FileNode.swift */,
				45FE101C1A12994300834358 /* FileTreeViewController2.swift */,
				457DD5D11A125C3D00324681 /* FileNode2.swift */,
				452B92B81A12C6A100E66E87 /* FileTreeViewController3.swift */,
				455F5DE61A1289B900A17A31 /* FileNode3.swift */,
			);
			name = "(junkyard)";
			sourceTree = "<group>";
		};
		454ECC321A11D66100DFD460 /* BackstageWorks */ = {
			isa = PBXGroup;
			children = (
			);
			path = BackstageWorks;
			sourceTree = "<group>";
		};
		4557D8941A116D5F00D6C53B /* FileNavigating */ = {
			isa = PBXGroup;
			children = (
				454E42AC1A13D24F007BEE79 /* FileTreeViewController4.swift */,
				454E42AA1A13D244007BEE79 /* FileTreeRepository4.swift */,
				454FFC071A141461000C0200 /* FileSystemService.swift */,
				45402ABA1A153C4E00127E50 /* FileSystemMonitor2.swift */,
				45756F7A1A6540AA0017AA4B /* FileSystemMonitor3.swift */,
				454E42AE1A13D257007BEE79 /* (junkyard) */,
			);
			path = FileNavigating;
			sourceTree = "<group>";
		};
		455FC56B1A637C2800266BD5 /* IssueRepository */ = {
			isa = PBXGroup;
			children = (
				455FC56C1A637C2F00266BD5 /* IssueRepository.swift */,
			);
			path = IssueRepository;
			sourceTree = "<group>";
		};
		456655511A65280A008303E0 /* (junkyard) */ = {
			isa = PBXGroup;
			children = (
				4514A76C1A11C7D200F25ED8 /* RustProjectDocument.swift */,
				4514A7721A11C81200F25ED8 /* RustSourceCodeFileDocument.swift */,
				45B89C311A15E05100D03648 /* MarkdownFileDocument.swift */,
			);
			name = "(junkyard)";
			sourceTree = "<group>";
		};
		457340FE1A19F22900C93C2E /* SQLite3 */ = {
			isa = PBXGroup;
			children = (
				457340FF1A19F22900C93C2E /* SQLite3DatabaseEditingWindowController.swift */,
				457341001A19F22900C93C2E /* SQLite3DatabaseFileDocument.swift */,
			);
			path = SQLite3;
			sourceTree = "<group>";
		};
		457C05B31A15D88200D062FE /* Resources */ = {
			isa = PBXGroup;
			children = (
				454C65F01A15E4DE009A160D /* MarkdownFile.icns */,
				457C05B81A15D91900D062FE /* RustProject.iconset */,
				457C05B91A15D91900D062FE /* RustSourceCodeFile.iconset */,
				453DE8061A34B763001BEF29 /* Tools */,
			);
			path = Resources;
			sourceTree = "<group>";
		};
		457D5CE21A63287C008ECE6F /* Features */ = {
			isa = PBXGroup;
			children = (
				45A6DAB21A639AD500DFB9CE /* PassiveDataClassGeneration */,
				45A6DAB41A639AD500DFB9CE /* SchemaInferencing */,
				45A6DAB11A639AB400DFB9CE /* (junkyard) */,
				45756F7C1A6548990017AA4B /* PlainFileFolderWindowController.swift */,
				4557D8941A116D5F00D6C53B /* FileNavigating */,
			);
			path = Features;
			sourceTree = "<group>";
		};
		457D5CE31A63287C008ECE6F /* Workspace */ = {
			isa = PBXGroup;
			children = (
				457D5CE51A63287C008ECE6F /* WorkspaceDocument.swift */,
				45756F641A6537860017AA4B /* WorkspaceUtility.swift */,
				459E62451A65ED3300EDEEB9 /* WorkspaceWindowController.swift */,
				457D5CE41A63287C008ECE6F /* UI */,
			);
			path = Workspace;
			sourceTree = "<group>";
		};
		457D5CE41A63287C008ECE6F /* UI */ = {
			isa = PBXGroup;
			children = (
				457D5CE71A63288B008ECE6F /* WorkspaceMainWindowController.swift */,
				454482011A6328BE005576CB /* WorkspaceNavigationViewController.swift */,
				454482151A6328E7005576CB /* WorkspaceEditingViewController.swift */,
				454482171A6328FC005576CB /* WorkspaceUtilityViewController.swift */,
				454482191A632917005576CB /* WorkspaceReportingViewController.swift */,
				4544821B1A632937005576CB /* WorkspaceMenuController.swift */,
			);
			path = UI;
			sourceTree = "<group>";
		};
		458E63591A634CDF006465B3 /* Products */ = {
			isa = PBXGroup;
			children = (
				458E635E1A634CDF006465B3 /* AppKitExtras.framework */,
				458E63601A634CDF006465B3 /* AppKitExtrasTests.xctest */,
			);
			name = Products;
			sourceTree = "<group>";
		};
		459433AD1A45EBB4008B2CFF /* TextEditing */ = {
			isa = PBXGroup;
			children = (
				459433AE1A45EBBE008B2CFF /* TextEditingViewController.swift */,
			);
			path = TextEditing;
			sourceTree = "<group>";
		};
		4597F81B1A113D100089FC66 /* MonolithCandidates */ = {
			isa = PBXGroup;
			children = (
				4597F81D1A113D100089FC66 /* Box.swift */,
				45DFBDA11A15CE9B007EBB02 /* TargetActionFunctionBox.swift */,
				4597F81F1A113D100089FC66 /* LinkList.swift */,
				4597F8201A113D100089FC66 /* NotifierAndObserver.swift */,
				4597F8211A113D100089FC66 /* XML.Navigator.swift */,
				4597F8221A113D100089FC66 /* XML.swift */,
				4597F8231A113D100089FC66 /* XML.Test.swift */,
				45DFBD9C1A15C7A3007EBB02 /* ObjCRuntime.swift */,
			);
			path = MonolithCandidates;
			sourceTree = "<group>";
		};
		45A6DAA91A6388F300DFB9CE /* UtilityFeatures */ = {
			isa = PBXGroup;
			children = (
				45A6DAAA1A6388FD00DFB9CE /* ArrayReportingController.swift */,
			);
			path = UtilityFeatures;
			sourceTree = "<group>";
		};
		45A6DAB01A639A4400DFB9CE /* (junkyard) */ = {
			isa = PBXGroup;
			children = (
				45A6DAA91A6388F300DFB9CE /* UtilityFeatures */,
			);
			name = "(junkyard)";
			sourceTree = "<group>";
		};
		45A6DAB11A639AB400DFB9CE /* (junkyard) */ = {
			isa = PBXGroup;
			children = (
				455FC56B1A637C2800266BD5 /* IssueRepository */,
			);
			name = "(junkyard)";
			sourceTree = "<group>";
		};
		45A6DAB21A639AD500DFB9CE /* PassiveDataClassGeneration */ = {
			isa = PBXGroup;
			children = (
				45A6DAB31A639AD500DFB9CE /* PassiveDataClassGeneratorWindowController.swift */,
			);
			path = PassiveDataClassGeneration;
			sourceTree = "<group>";
		};
		45A6DAB41A639AD500DFB9CE /* SchemaInferencing */ = {
			isa = PBXGroup;
			children = (
				45A6DAB51A639AD500DFB9CE /* DataSchema.swift */,
				45A6DAB61A639AD500DFB9CE /* SchemaInferencerWindowController.swift */,
			);
			path = SchemaInferencing;
			sourceTree = "<group>";
		};
		45BBB0DB1A1022A10055232E = {
			isa = PBXGroup;
			children = (
				45BBB0E61A1022A10055232E /* Sources */,
				457C05B31A15D88200D062FE /* Resources */,
				452442761A1804ED00A03A51 /* Submodules */,
				452442781A1804FE00A03A51 /* Subprojects */,
				4538571D1A622D0000DC693D /* UnitTests */,
				45F48F1B1A65E1D100FF38FB /* EditorFileTreeNavigationFeature */,
				45F48F2A1A65E1D100FF38FB /* EditorFileTreeNavigationFeatureTests */,
				45BBB0E51A1022A10055232E /* Products */,
			);
			sourceTree = "<group>";
		};
		45BBB0E51A1022A10055232E /* Products */ = {
			isa = PBXGroup;
			children = (
				45BBB0E41A1022A10055232E /* Editor.app */,
				4538571C1A622D0000DC693D /* UnitTests */,
			);
			name = Products;
			sourceTree = "<group>";
		};
		45BBB0E61A1022A10055232E /* Sources */ = {
			isa = PBXGroup;
			children = (
				45204C7F1A63300900929A17 /* ApplicationController.swift */,
				45BBB0EB1A1022A10055232E /* Images.xcassets */,
				45BBB0ED1A1022A10055232E /* MainMenu.xib */,
				4514A76B1A11C7CB00F25ED8 /* Documents */,
				454ECC321A11D66100DFD460 /* BackstageWorks */,
				457D5CE21A63287C008ECE6F /* Features */,
				451740D71A102F1900861ECC /* SpecificUIComponents */,
				451740DC1A102FA300861ECC /* ProtoUIComponents */,
				452B92C01A12CC3B00E66E87 /* Deduplicate.swift */,
				4538573B1A62321E00DC693D /* UnitTest.swift */,
				455795261A4CD4CD0011C34E /* TypeAliases.swift */,
				4597F81B1A113D100089FC66 /* MonolithCandidates */,
				45BBB0E71A1022A10055232E /* Supporting Files */,
				45A6DAB01A639A4400DFB9CE /* (junkyard) */,
			);
			path = Sources;
			sourceTree = "<group>";
		};
		45BBB0E71A1022A10055232E /* Supporting Files */ = {
			isa = PBXGroup;
			children = (
				45BBB0E81A1022A10055232E /* Info.plist */,
			);
			name = "Supporting Files";
			sourceTree = "<group>";
		};
		45CAD9311A4B144100EDF02D /* SyntaxHighlighting */ = {
			isa = PBXGroup;
			children = (
				45CAD9341A4B145100EDF02D /* SyntaxHighlighting.swift */,
			);
			path = SyntaxHighlighting;
			sourceTree = "<group>";
		};
		45D158F31A113FD900B25657 /* CodeEditing */ = {
			isa = PBXGroup;
			children = (
				45D158F41A113FE900B25657 /* CodeEditingViewController.swift */,
				45DA955F1A69DAE70091410B /* CodeEditingFileMonitor.swift */,
				45646D5A1A45F9F9009697C1 /* RustAutocompletionWindowController.swift */,
				45CAD9311A4B144100EDF02D /* SyntaxHighlighting */,
			);
			path = CodeEditing;
			sourceTree = "<group>";
		};
		45D158F81A11401800B25657 /* Presets */ = {
			isa = PBXGroup;
			children = (
				45D158F91A11401D00B25657 /* Palette.swift */,
			);
			path = Presets;
			sourceTree = "<group>";
		};
		45D1B22F1A66856100B48431 /* Products */ = {
			isa = PBXGroup;
			children = (
				45D1B2381A66856200B48431 /* EditorFileContentEditingFeature.framework */,
				45D1B23A1A66856200B48431 /* EditorFileContentEditingFeatureTests.xctest */,
			);
			name = Products;
			sourceTree = "<group>";
		};
		45F48F1B1A65E1D100FF38FB /* EditorFileTreeNavigationFeature */ = {
			isa = PBXGroup;
			children = (
				45F48F1E1A65E1D100FF38FB /* EditorFileTreeNavigationFeature.h */,
				45F48F1C1A65E1D100FF38FB /* Supporting Files */,
			);
			path = EditorFileTreeNavigationFeature;
			sourceTree = "<group>";
		};
		45F48F1C1A65E1D100FF38FB /* Supporting Files */ = {
			isa = PBXGroup;
			children = (
				45F48F1D1A65E1D100FF38FB /* Info.plist */,
			);
			name = "Supporting Files";
			sourceTree = "<group>";
		};
		45F48F2A1A65E1D100FF38FB /* EditorFileTreeNavigationFeatureTests */ = {
			isa = PBXGroup;
			children = (
				45F48F2D1A65E1D100FF38FB /* EditorFileTreeNavigationFeatureTests.swift */,
				45F48F2B1A65E1D100FF38FB /* Supporting Files */,
			);
			path = EditorFileTreeNavigationFeatureTests;
			sourceTree = "<group>";
		};
		45F48F2B1A65E1D100FF38FB /* Supporting Files */ = {
			isa = PBXGroup;
			children = (
				45F48F2C1A65E1D100FF38FB /* Info.plist */,
			);
			name = "Supporting Files";
			sourceTree = "<group>";
		};
		45F48F601A65E1FE00FF38FB /* Products */ = {
			isa = PBXGroup;
			children = (
				45F48F651A65E1FF00FF38FB /* EditorFileTreeNavigationFeature.framework */,
				45F48F671A65E1FF00FF38FB /* EditorFileTreeNavigationFeatureTests.xctest */,
				459E621B1A65EC1100EDEEB9 /* EditorFileTreeNavigationFeatureInteractiveTester.app */,
			);
			name = Products;
			sourceTree = "<group>";
		};
		45F6C1111A11959C005D8EEA /* CommandConsole */ = {
			isa = PBXGroup;
			children = (
				45F6C1121A1195A5005D8EEA /* CommandConsoleViewController.swift */,
			);
			path = CommandConsole;
			sourceTree = "<group>";
		};
		45FE1ABD1A65E303002B9D1B /* Products */ = {
			isa = PBXGroup;
			children = (
				45FE1AC41A65E303002B9D1B /* Precompilation.framework */,
				45FE1AC61A65E303002B9D1B /* PrecompilationOfExternalToolSupport.framework */,
				45FE1AC81A65E303002B9D1B /* PrecompilationUnitTest */,
				45FE1ACA1A65E303002B9D1B /* PrecompilationInteractiveWorkbench.app */,
			);
			name = Products;
			sourceTree = "<group>";
		};
/* End PBXGroup section */

/* Begin PBXNativeTarget section */
		4538571B1A622D0000DC693D /* UnitTests */ = {
			isa = PBXNativeTarget;
			buildConfigurationList = 453857311A622D0000DC693D /* Build configuration list for PBXNativeTarget "UnitTests" */;
			buildPhases = (
				453857181A622D0000DC693D /* Sources */,
				453857191A622D0000DC693D /* Frameworks */,
				4538571A1A622D0000DC693D /* CopyFiles */,
			);
			buildRules = (
			);
			dependencies = (
			);
			name = UnitTests;
			productName = UnitTests;
			productReference = 4538571C1A622D0000DC693D /* UnitTests */;
			productType = "com.apple.product-type.tool";
		};
		45BBB0E31A1022A10055232E /* Editor */ = {
			isa = PBXNativeTarget;
			buildConfigurationList = 45BBB0FE1A1022A10055232E /* Build configuration list for PBXNativeTarget "Editor" */;
			buildPhases = (
				45BBB0E01A1022A10055232E /* Sources */,
				45BBB0E11A1022A10055232E /* Frameworks */,
				45BBB0E21A1022A10055232E /* Resources */,
				45D970FD1A15741E0037649F /* Embed Frameworks */,
			);
			buildRules = (
			);
			dependencies = (
				450A0DF51A275F500026102D /* PBXTargetDependency */,
				452442751A1801DC00A03A51 /* PBXTargetDependency */,
				45EF319C1A18DE9A00DAF925 /* PBXTargetDependency */,
				452E4E6A1A650F15007B490D /* PBXTargetDependency */,
				452E4E721A650F25007B490D /* PBXTargetDependency */,
				45FE1ACE1A65E311002B9D1B /* PBXTargetDependency */,
				45FE1AD21A65E311002B9D1B /* PBXTargetDependency */,
				459E621F1A65EC1100EDEEB9 /* PBXTargetDependency */,
			);
			name = Editor;
			productName = RustREPL;
			productReference = 45BBB0E41A1022A10055232E /* Editor.app */;
			productType = "com.apple.product-type.application";
		};
/* End PBXNativeTarget section */

/* Begin PBXProject section */
		45BBB0DC1A1022A10055232E /* Project object */ = {
			isa = PBXProject;
			attributes = {
				LastUpgradeCheck = 0610;
				ORGANIZATIONNAME = Eonil;
				TargetAttributes = {
					4538571B1A622D0000DC693D = {
						CreatedOnToolsVersion = 6.1.1;
					};
					45BBB0E31A1022A10055232E = {
						CreatedOnToolsVersion = 6.1;
					};
				};
			};
			buildConfigurationList = 45BBB0DF1A1022A10055232E /* Build configuration list for PBXProject "Editor" */;
			compatibilityVersion = "Xcode 3.2";
			developmentRegion = English;
			hasScannedForEncodings = 0;
			knownRegions = (
				en,
				Base,
			);
			mainGroup = 45BBB0DB1A1022A10055232E;
			productRefGroup = 45BBB0E51A1022A10055232E /* Products */;
			projectDirPath = "";
			projectReferences = (
				{
					ProductGroup = 458E63591A634CDF006465B3 /* Products */;
					ProjectRef = 458E63581A634CDF006465B3 /* AppKitExtras.xcodeproj */;
				},
				{
					ProductGroup = 450A0DE11A275EBD0026102D /* Products */;
					ProjectRef = 450A0DE01A275EBD0026102D /* Dispatch.xcodeproj */;
				},
				{
					ProductGroup = 45D1B22F1A66856100B48431 /* Products */;
					ProjectRef = 45D1B22E1A66856100B48431 /* EditorFileContentEditingFeature.xcodeproj */;
				},
				{
					ProductGroup = 45F48F601A65E1FE00FF38FB /* Products */;
					ProjectRef = 45F48F5F1A65E1FE00FF38FB /* EditorFileTreeNavigationFeature.xcodeproj */;
				},
				{
					ProductGroup = 452443161A18059700A03A51 /* Products */;
					ProjectRef = 45D970DD1A1573F50037649F /* EonilFileSystemEvents.xcodeproj */;
				},
				{
					ProductGroup = 453F573A1A19E5E10035400D /* Products */;
					ProjectRef = 453F57391A19E5E10035400D /* EonilSQLite3.xcodeproj */;
				},
				{
					ProductGroup = 45FE1ABD1A65E303002B9D1B /* Products */;
					ProjectRef = 4538576B1A626FC200DC693D /* Precompilation.xcodeproj */;
				},
				{
					ProductGroup = 4524425E1A18019400A03A51 /* Products */;
					ProjectRef = 4524425D1A18019400A03A51 /* Standards.xcodeproj */;
				},
				{
					ProductGroup = 452E4E5C1A650F09007B490D /* Products */;
					ProjectRef = 452E4E5B1A650F09007B490D /* Text.xcodeproj */;
				},
			);
			projectRoot = "";
			targets = (
				45BBB0E31A1022A10055232E /* Editor */,
				4538571B1A622D0000DC693D /* UnitTests */,
			);
		};
/* End PBXProject section */

/* Begin PBXReferenceProxy section */
		450A0DE81A275EBD0026102D /* EonilDispatch.framework */ = {
			isa = PBXReferenceProxy;
			fileType = wrapper.framework;
			path = EonilDispatch.framework;
			remoteRef = 450A0DE71A275EBD0026102D /* PBXContainerItemProxy */;
			sourceTree = BUILT_PRODUCTS_DIR;
		};
		450A0DEA1A275EBD0026102D /* iOSTests.xctest */ = {
			isa = PBXReferenceProxy;
			fileType = wrapper.cfbundle;
			path = iOSTests.xctest;
			remoteRef = 450A0DE91A275EBD0026102D /* PBXContainerItemProxy */;
			sourceTree = BUILT_PRODUCTS_DIR;
		};
		450A0DEC1A275EBD0026102D /* EonilDispatch.framework */ = {
			isa = PBXReferenceProxy;
			fileType = wrapper.framework;
			path = EonilDispatch.framework;
			remoteRef = 450A0DEB1A275EBD0026102D /* PBXContainerItemProxy */;
			sourceTree = BUILT_PRODUCTS_DIR;
		};
		450A0DEE1A275EBD0026102D /* OSXTests.xctest */ = {
			isa = PBXReferenceProxy;
			fileType = wrapper.cfbundle;
			path = OSXTests.xctest;
			remoteRef = 450A0DED1A275EBD0026102D /* PBXContainerItemProxy */;
			sourceTree = BUILT_PRODUCTS_DIR;
		};
		452442671A18019400A03A51 /* Standards.framework */ = {
			isa = PBXReferenceProxy;
			fileType = wrapper.framework;
			path = Standards.framework;
			remoteRef = 452442661A18019400A03A51 /* PBXContainerItemProxy */;
			sourceTree = BUILT_PRODUCTS_DIR;
		};
		452442691A18019400A03A51 /* OSXTests.xctest */ = {
			isa = PBXReferenceProxy;
			fileType = wrapper.cfbundle;
			path = OSXTests.xctest;
			remoteRef = 452442681A18019400A03A51 /* PBXContainerItemProxy */;
			sourceTree = BUILT_PRODUCTS_DIR;
		};
		4524426B1A18019400A03A51 /* Standards.framework */ = {
			isa = PBXReferenceProxy;
			fileType = wrapper.framework;
			path = Standards.framework;
			remoteRef = 4524426A1A18019400A03A51 /* PBXContainerItemProxy */;
			sourceTree = BUILT_PRODUCTS_DIR;
		};
		4524426D1A18019400A03A51 /* iOSTests.xctest */ = {
			isa = PBXReferenceProxy;
			fileType = wrapper.cfbundle;
			path = iOSTests.xctest;
			remoteRef = 4524426C1A18019400A03A51 /* PBXContainerItemProxy */;
			sourceTree = BUILT_PRODUCTS_DIR;
		};
		4524426F1A18019400A03A51 /* InternalTests.app */ = {
			isa = PBXReferenceProxy;
			fileType = wrapper.application;
			path = InternalTests.app;
			remoteRef = 4524426E1A18019400A03A51 /* PBXContainerItemProxy */;
			sourceTree = BUILT_PRODUCTS_DIR;
		};
		4524431E1A18059700A03A51 /* EonilFileSystemEvents.framework */ = {
			isa = PBXReferenceProxy;
			fileType = wrapper.framework;
			path = EonilFileSystemEvents.framework;
			remoteRef = 4524431D1A18059700A03A51 /* PBXContainerItemProxy */;
			sourceTree = BUILT_PRODUCTS_DIR;
		};
		452443201A18059700A03A51 /* InternalTester */ = {
			isa = PBXReferenceProxy;
			fileType = "compiled.mach-o.executable";
			path = InternalTester;
			remoteRef = 4524431F1A18059700A03A51 /* PBXContainerItemProxy */;
			sourceTree = BUILT_PRODUCTS_DIR;
		};
		452443221A18059700A03A51 /* TestdriveApp.app */ = {
			isa = PBXReferenceProxy;
			fileType = wrapper.application;
			path = TestdriveApp.app;
			remoteRef = 452443211A18059700A03A51 /* PBXContainerItemProxy */;
			sourceTree = BUILT_PRODUCTS_DIR;
		};
		452E4E621A650F09007B490D /* EonilText.framework */ = {
			isa = PBXReferenceProxy;
			fileType = wrapper.framework;
			path = EonilText.framework;
			remoteRef = 452E4E611A650F09007B490D /* PBXContainerItemProxy */;
			sourceTree = BUILT_PRODUCTS_DIR;
		};
		452E4E641A650F09007B490D /* EonilText.framework */ = {
			isa = PBXReferenceProxy;
			fileType = wrapper.framework;
			path = EonilText.framework;
			remoteRef = 452E4E631A650F09007B490D /* PBXContainerItemProxy */;
			sourceTree = BUILT_PRODUCTS_DIR;
		};
		452E4E661A650F09007B490D /* EonilTextTest */ = {
			isa = PBXReferenceProxy;
			fileType = "compiled.mach-o.executable";
			path = EonilTextTest;
			remoteRef = 452E4E651A650F09007B490D /* PBXContainerItemProxy */;
			sourceTree = BUILT_PRODUCTS_DIR;
		};
		453F57431A19E5E10035400D /* EonilSQLite3.framework */ = {
			isa = PBXReferenceProxy;
			fileType = wrapper.framework;
			path = EonilSQLite3.framework;
			remoteRef = 453F57421A19E5E10035400D /* PBXContainerItemProxy */;
			sourceTree = BUILT_PRODUCTS_DIR;
		};
		453F57451A19E5E10035400D /* EonilSQLite3.framework */ = {
			isa = PBXReferenceProxy;
			fileType = wrapper.framework;
			path = EonilSQLite3.framework;
			remoteRef = 453F57441A19E5E10035400D /* PBXContainerItemProxy */;
			sourceTree = BUILT_PRODUCTS_DIR;
		};
		453F57471A19E5E10035400D /* EonilSQLite3 - OSX - Tests.xctest */ = {
			isa = PBXReferenceProxy;
			fileType = wrapper.cfbundle;
			path = "EonilSQLite3 - OSX - Tests.xctest";
			remoteRef = 453F57461A19E5E10035400D /* PBXContainerItemProxy */;
			sourceTree = BUILT_PRODUCTS_DIR;
		};
		453F57491A19E5E10035400D /* EonilSQLite3 - iOS - Tests.xctest */ = {
			isa = PBXReferenceProxy;
			fileType = wrapper.cfbundle;
			path = "EonilSQLite3 - iOS - Tests.xctest";
			remoteRef = 453F57481A19E5E10035400D /* PBXContainerItemProxy */;
			sourceTree = BUILT_PRODUCTS_DIR;
		};
		453F574B1A19E5E10035400D /* InternalTestForOSX */ = {
			isa = PBXReferenceProxy;
			fileType = "compiled.mach-o.executable";
			path = InternalTestForOSX;
			remoteRef = 453F574A1A19E5E10035400D /* PBXContainerItemProxy */;
			sourceTree = BUILT_PRODUCTS_DIR;
		};
		453F574D1A19E5E10035400D /* ProfilingExampleOSX.app */ = {
			isa = PBXReferenceProxy;
			fileType = wrapper.application;
			path = ProfilingExampleOSX.app;
			remoteRef = 453F574C1A19E5E10035400D /* PBXContainerItemProxy */;
			sourceTree = BUILT_PRODUCTS_DIR;
		};
		458E635E1A634CDF006465B3 /* AppKitExtras.framework */ = {
			isa = PBXReferenceProxy;
			fileType = wrapper.framework;
			path = AppKitExtras.framework;
			remoteRef = 458E635D1A634CDF006465B3 /* PBXContainerItemProxy */;
			sourceTree = BUILT_PRODUCTS_DIR;
		};
		458E63601A634CDF006465B3 /* AppKitExtrasTests.xctest */ = {
			isa = PBXReferenceProxy;
			fileType = wrapper.cfbundle;
			path = AppKitExtrasTests.xctest;
			remoteRef = 458E635F1A634CDF006465B3 /* PBXContainerItemProxy */;
			sourceTree = BUILT_PRODUCTS_DIR;
		};
		459E621B1A65EC1100EDEEB9 /* EditorFileTreeNavigationFeatureInteractiveTester.app */ = {
			isa = PBXReferenceProxy;
			fileType = wrapper.application;
			path = EditorFileTreeNavigationFeatureInteractiveTester.app;
			remoteRef = 459E621A1A65EC1100EDEEB9 /* PBXContainerItemProxy */;
			sourceTree = BUILT_PRODUCTS_DIR;
		};
		45D1B2381A66856200B48431 /* EditorFileContentEditingFeature.framework */ = {
			isa = PBXReferenceProxy;
			fileType = wrapper.framework;
			path = EditorFileContentEditingFeature.framework;
			remoteRef = 45D1B2371A66856200B48431 /* PBXContainerItemProxy */;
			sourceTree = BUILT_PRODUCTS_DIR;
		};
		45D1B23A1A66856200B48431 /* EditorFileContentEditingFeatureTests.xctest */ = {
			isa = PBXReferenceProxy;
			fileType = wrapper.cfbundle;
			path = EditorFileContentEditingFeatureTests.xctest;
			remoteRef = 45D1B2391A66856200B48431 /* PBXContainerItemProxy */;
			sourceTree = BUILT_PRODUCTS_DIR;
		};
		45F48F651A65E1FF00FF38FB /* EditorFileTreeNavigationFeature.framework */ = {
			isa = PBXReferenceProxy;
			fileType = wrapper.framework;
			path = EditorFileTreeNavigationFeature.framework;
			remoteRef = 45F48F641A65E1FF00FF38FB /* PBXContainerItemProxy */;
			sourceTree = BUILT_PRODUCTS_DIR;
		};
		45F48F671A65E1FF00FF38FB /* EditorFileTreeNavigationFeatureTests.xctest */ = {
			isa = PBXReferenceProxy;
			fileType = wrapper.cfbundle;
			path = EditorFileTreeNavigationFeatureTests.xctest;
			remoteRef = 45F48F661A65E1FF00FF38FB /* PBXContainerItemProxy */;
			sourceTree = BUILT_PRODUCTS_DIR;
		};
		45FE1AC41A65E303002B9D1B /* Precompilation.framework */ = {
			isa = PBXReferenceProxy;
			fileType = wrapper.framework;
			path = Precompilation.framework;
			remoteRef = 45FE1AC31A65E303002B9D1B /* PBXContainerItemProxy */;
			sourceTree = BUILT_PRODUCTS_DIR;
		};
		45FE1AC61A65E303002B9D1B /* PrecompilationOfExternalToolSupport.framework */ = {
			isa = PBXReferenceProxy;
			fileType = wrapper.framework;
			path = PrecompilationOfExternalToolSupport.framework;
			remoteRef = 45FE1AC51A65E303002B9D1B /* PBXContainerItemProxy */;
			sourceTree = BUILT_PRODUCTS_DIR;
		};
		45FE1AC81A65E303002B9D1B /* PrecompilationUnitTest */ = {
			isa = PBXReferenceProxy;
			fileType = "compiled.mach-o.executable";
			path = PrecompilationUnitTest;
			remoteRef = 45FE1AC71A65E303002B9D1B /* PBXContainerItemProxy */;
			sourceTree = BUILT_PRODUCTS_DIR;
		};
		45FE1ACA1A65E303002B9D1B /* PrecompilationInteractiveWorkbench.app */ = {
			isa = PBXReferenceProxy;
			fileType = wrapper.application;
			path = PrecompilationInteractiveWorkbench.app;
			remoteRef = 45FE1AC91A65E303002B9D1B /* PBXContainerItemProxy */;
			sourceTree = BUILT_PRODUCTS_DIR;
		};
/* End PBXReferenceProxy section */

/* Begin PBXResourcesBuildPhase section */
		45BBB0E21A1022A10055232E /* Resources */ = {
			isa = PBXResourcesBuildPhase;
			buildActionMask = 2147483647;
			files = (
				453DE8071A34B763001BEF29 /* Tools in Resources */,
				457C05BA1A15D91900D062FE /* RustProject.iconset in Resources */,
				45BBB0EC1A1022A10055232E /* Images.xcassets in Resources */,
				454C65F11A15E4DE009A160D /* MarkdownFile.icns in Resources */,
				45BBB0EF1A1022A10055232E /* MainMenu.xib in Resources */,
				457C05BB1A15D91900D062FE /* RustSourceCodeFile.iconset in Resources */,
			);
			runOnlyForDeploymentPostprocessing = 0;
		};
/* End PBXResourcesBuildPhase section */

/* Begin PBXSourcesBuildPhase section */
		453857181A622D0000DC693D /* Sources */ = {
			isa = PBXSourcesBuildPhase;
			buildActionMask = 2147483647;
			files = (
				4538571F1A622D0000DC693D /* main.swift in Sources */,
			);
			runOnlyForDeploymentPostprocessing = 0;
		};
		45BBB0E01A1022A10055232E /* Sources */ = {
			isa = PBXSourcesBuildPhase;
			buildActionMask = 2147483647;
			files = (
				457D5CE61A63287C008ECE6F /* WorkspaceDocument.swift in Sources */,
				459E62461A65ED3300EDEEB9 /* WorkspaceWindowController.swift in Sources */,
				45A6DAAE1A639A2C00DFB9CE /* Issue.swift in Sources */,
				4597F8271A113D100089FC66 /* LinkList.swift in Sources */,
				45700EE11A11F65100415EB2 /* FileNode.swift in Sources */,
				454FFC0C1A142DF3000C0200 /* FileSystemMonitor.swift in Sources */,
				45358A361A17FE8800AF5F7C /* HygienicWindowController.swift in Sources */,
				4544821A1A632917005576CB /* WorkspaceReportingViewController.swift in Sources */,
				454E42AD1A13D24F007BEE79 /* FileTreeViewController4.swift in Sources */,
				45D158FA1A11401D00B25657 /* Palette.swift in Sources */,
				455795271A4CD4CD0011C34E /* TypeAliases.swift in Sources */,
				4514A7731A11C81200F25ED8 /* RustSourceCodeFileDocument.swift in Sources */,
				4597F8291A113D100089FC66 /* XML.Navigator.swift in Sources */,
				4538573C1A62321E00DC693D /* UnitTest.swift in Sources */,
				45CAD9351A4B145100EDF02D /* SyntaxHighlighting.swift in Sources */,
				457D5CE81A63288B008ECE6F /* WorkspaceMainWindowController.swift in Sources */,
				4597F82B1A113D100089FC66 /* XML.Test.swift in Sources */,
				4544821C1A632937005576CB /* WorkspaceMenuController.swift in Sources */,
				457341021A19F22900C93C2E /* SQLite3DatabaseFileDocument.swift in Sources */,
				45204C801A63300900929A17 /* ApplicationController.swift in Sources */,
				457341011A19F22900C93C2E /* SQLite3DatabaseEditingWindowController.swift in Sources */,
				452B92B91A12C6A100E66E87 /* FileTreeViewController3.swift in Sources */,
				451740E01A102FA300861ECC /* ScrollViewController.swift in Sources */,
				45DFBD9D1A15C7A3007EBB02 /* ObjCRuntime.swift in Sources */,
				4597F82A1A113D100089FC66 /* XML.swift in Sources */,
				45D8D9021A48ED3600AE42C8 /* HygienicViewController.swift in Sources */,
				45D7F6DF1A11540D00E792D1 /* TextLayoutQuery.swift in Sources */,
				451740E11A102FA300861ECC /* TextScrollViewController.swift in Sources */,
				455F5DE71A1289B900A17A31 /* FileNode3.swift in Sources */,
				455FC56D1A637C2F00266BD5 /* IssueRepository.swift in Sources */,
				4514A76D1A11C7D200F25ED8 /* RustProjectDocument.swift in Sources */,
				45756F651A6537860017AA4B /* WorkspaceUtility.swift in Sources */,
				451740E21A102FA300861ECC /* TextViewController.swift in Sources */,
				452A12211A107FF000E38F35 /* TableViewController.swift in Sources */,
				45A6DAAB1A6388FD00DFB9CE /* ArrayReportingController.swift in Sources */,
				459433AF1A45EBBE008B2CFF /* TextEditingViewController.swift in Sources */,
				45D158F51A113FE900B25657 /* CodeEditingViewController.swift in Sources */,
				454E42AB1A13D244007BEE79 /* FileTreeRepository4.swift in Sources */,
				45DA95601A69DAE70091410B /* CodeEditingFileMonitor.swift in Sources */,
				4597F8281A113D100089FC66 /* NotifierAndObserver.swift in Sources */,
				4557D8981A11738E00D6C53B /* ViewController.swift in Sources */,
				45FE101D1A12994300834358 /* FileTreeViewController2.swift in Sources */,
				45DFBDA21A15CE9B007EBB02 /* TargetActionFunctionBox.swift in Sources */,
				45A6DAAF1A639A2C00DFB9CE /* RustCompilerIssueParsing.swift in Sources */,
				454482021A6328BE005576CB /* WorkspaceNavigationViewController.swift in Sources */,
				45D8D8F11A48E99200AE42C8 /* HygienicWindowController2.swift in Sources */,
				45402ABB1A153C4E00127E50 /* FileSystemMonitor2.swift in Sources */,
				454482181A6328FC005576CB /* WorkspaceUtilityViewController.swift in Sources */,
				452A121D1A107E4C00E38F35 /* IssueListingViewController.swift in Sources */,
				457DD5D21A125C3D00324681 /* FileNode2.swift in Sources */,
				45F6C1131A1195A5005D8EEA /* CommandConsoleViewController.swift in Sources */,
				4557D8961A116D6800D6C53B /* FileTreeViewController.swift in Sources */,
				45B89C321A15E05100D03648 /* MarkdownFileDocument.swift in Sources */,
				45646D5B1A45F9F9009697C1 /* RustAutocompletionWindowController.swift in Sources */,
				452A12231A1082B900E38F35 /* LayoutConstraint.swift in Sources */,
				45A6DAB91A639AD500DFB9CE /* SchemaInferencerWindowController.swift in Sources */,
				454FFC081A141461000C0200 /* FileSystemService.swift in Sources */,
				452A121F1A107EC500E38F35 /* TableScrollViewController.swift in Sources */,
				45756F7B1A6540AA0017AA4B /* FileSystemMonitor3.swift in Sources */,
				45A6DAB71A639AD500DFB9CE /* PassiveDataClassGeneratorWindowController.swift in Sources */,
				459433B11A45F01C008B2CFF /* ScrollViewController2.swift in Sources */,
				4597F8251A113D100089FC66 /* Box.swift in Sources */,
				454482161A6328E7005576CB /* WorkspaceEditingViewController.swift in Sources */,
				452B92C11A12CC3B00E66E87 /* Deduplicate.swift in Sources */,
				45A6DAB81A639AD500DFB9CE /* DataSchema.swift in Sources */,
				45756F7D1A6548990017AA4B /* PlainFileFolderWindowController.swift in Sources */,
				45F6C1151A119726005D8EEA /* VisualEffectViewController.swift in Sources */,
				457341041A19F75100C93C2E /* EmptyOutlineViewController.swift in Sources */,
			);
			runOnlyForDeploymentPostprocessing = 0;
		};
/* End PBXSourcesBuildPhase section */

/* Begin PBXTargetDependency section */
		450A0DF51A275F500026102D /* PBXTargetDependency */ = {
			isa = PBXTargetDependency;
			name = OSX;
			targetProxy = 450A0DF41A275F500026102D /* PBXContainerItemProxy */;
		};
		452442751A1801DC00A03A51 /* PBXTargetDependency */ = {
			isa = PBXTargetDependency;
			name = OSX;
			targetProxy = 452442741A1801DC00A03A51 /* PBXContainerItemProxy */;
		};
		452E4E6A1A650F15007B490D /* PBXTargetDependency */ = {
			isa = PBXTargetDependency;
			name = AppKitExtras;
			targetProxy = 452E4E691A650F15007B490D /* PBXContainerItemProxy */;
		};
		452E4E721A650F25007B490D /* PBXTargetDependency */ = {
			isa = PBXTargetDependency;
			name = "Text OSX";
			targetProxy = 452E4E711A650F25007B490D /* PBXContainerItemProxy */;
		};
		459E621F1A65EC1100EDEEB9 /* PBXTargetDependency */ = {
			isa = PBXTargetDependency;
			name = EditorFileTreeNavigationFeature;
			targetProxy = 459E621E1A65EC1100EDEEB9 /* PBXContainerItemProxy */;
		};
		45EF319C1A18DE9A00DAF925 /* PBXTargetDependency */ = {
			isa = PBXTargetDependency;
			name = EonilFileSystemEvents;
			targetProxy = 45EF319B1A18DE9A00DAF925 /* PBXContainerItemProxy */;
		};
		45FE1ACE1A65E311002B9D1B /* PBXTargetDependency */ = {
			isa = PBXTargetDependency;
			name = Precompilation;
			targetProxy = 45FE1ACD1A65E311002B9D1B /* PBXContainerItemProxy */;
		};
		45FE1AD21A65E311002B9D1B /* PBXTargetDependency */ = {
			isa = PBXTargetDependency;
			name = PrecompilationOfExternalToolSupport;
			targetProxy = 45FE1AD11A65E311002B9D1B /* PBXContainerItemProxy */;
		};
/* End PBXTargetDependency section */

/* Begin PBXVariantGroup section */
		45BBB0ED1A1022A10055232E /* MainMenu.xib */ = {
			isa = PBXVariantGroup;
			children = (
				45BBB0EE1A1022A10055232E /* Base */,
			);
			name = MainMenu.xib;
			sourceTree = "<group>";
		};
/* End PBXVariantGroup section */

/* Begin XCBuildConfiguration section */
		453857201A622D0000DC693D /* Debug */ = {
			isa = XCBuildConfiguration;
			buildSettings = {
				GCC_PREPROCESSOR_DEFINITIONS = (
					"DEBUG=1",
					"$(inherited)",
				);
				PRODUCT_NAME = "$(TARGET_NAME)";
			};
			name = Debug;
		};
		453857211A622D0000DC693D /* Release */ = {
			isa = XCBuildConfiguration;
			buildSettings = {
				PRODUCT_NAME = "$(TARGET_NAME)";
			};
			name = Release;
		};
		45BBB0FC1A1022A10055232E /* Debug */ = {
			isa = XCBuildConfiguration;
			buildSettings = {
				ALWAYS_SEARCH_USER_PATHS = NO;
				CLANG_CXX_LANGUAGE_STANDARD = "gnu++0x";
				CLANG_CXX_LIBRARY = "libc++";
				CLANG_ENABLE_MODULES = YES;
				CLANG_ENABLE_OBJC_ARC = YES;
				CLANG_WARN_BOOL_CONVERSION = YES;
				CLANG_WARN_CONSTANT_CONVERSION = YES;
				CLANG_WARN_DIRECT_OBJC_ISA_USAGE = YES_ERROR;
				CLANG_WARN_EMPTY_BODY = YES;
				CLANG_WARN_ENUM_CONVERSION = YES;
				CLANG_WARN_INT_CONVERSION = YES;
				CLANG_WARN_OBJC_ROOT_CLASS = YES_ERROR;
				CLANG_WARN_UNREACHABLE_CODE = YES;
				CLANG_WARN__DUPLICATE_METHOD_MATCH = YES;
				CODE_SIGN_IDENTITY = "-";
				COPY_PHASE_STRIP = NO;
				ENABLE_STRICT_OBJC_MSGSEND = YES;
				GCC_C_LANGUAGE_STANDARD = gnu99;
				GCC_DYNAMIC_NO_PIC = NO;
				GCC_OPTIMIZATION_LEVEL = 0;
				GCC_PREPROCESSOR_DEFINITIONS = (
					"DEBUG=1",
					"$(inherited)",
				);
				GCC_SYMBOLS_PRIVATE_EXTERN = NO;
				GCC_WARN_64_TO_32_BIT_CONVERSION = YES;
				GCC_WARN_ABOUT_RETURN_TYPE = YES_ERROR;
				GCC_WARN_UNDECLARED_SELECTOR = YES;
				GCC_WARN_UNINITIALIZED_AUTOS = YES_AGGRESSIVE;
				GCC_WARN_UNUSED_FUNCTION = YES;
				GCC_WARN_UNUSED_VARIABLE = YES;
				MACOSX_DEPLOYMENT_TARGET = 10.10;
				MTL_ENABLE_DEBUG_INFO = YES;
				ONLY_ACTIVE_ARCH = YES;
				SDKROOT = macosx;
				SWIFT_OPTIMIZATION_LEVEL = "-Onone";
			};
			name = Debug;
		};
		45BBB0FD1A1022A10055232E /* Release */ = {
			isa = XCBuildConfiguration;
			buildSettings = {
				ALWAYS_SEARCH_USER_PATHS = NO;
				CLANG_CXX_LANGUAGE_STANDARD = "gnu++0x";
				CLANG_CXX_LIBRARY = "libc++";
				CLANG_ENABLE_MODULES = YES;
				CLANG_ENABLE_OBJC_ARC = YES;
				CLANG_WARN_BOOL_CONVERSION = YES;
				CLANG_WARN_CONSTANT_CONVERSION = YES;
				CLANG_WARN_DIRECT_OBJC_ISA_USAGE = YES_ERROR;
				CLANG_WARN_EMPTY_BODY = YES;
				CLANG_WARN_ENUM_CONVERSION = YES;
				CLANG_WARN_INT_CONVERSION = YES;
				CLANG_WARN_OBJC_ROOT_CLASS = YES_ERROR;
				CLANG_WARN_UNREACHABLE_CODE = YES;
				CLANG_WARN__DUPLICATE_METHOD_MATCH = YES;
				CODE_SIGN_IDENTITY = "-";
				COPY_PHASE_STRIP = YES;
				DEBUG_INFORMATION_FORMAT = "dwarf-with-dsym";
				ENABLE_NS_ASSERTIONS = NO;
				ENABLE_STRICT_OBJC_MSGSEND = YES;
				GCC_C_LANGUAGE_STANDARD = gnu99;
				GCC_WARN_64_TO_32_BIT_CONVERSION = YES;
				GCC_WARN_ABOUT_RETURN_TYPE = YES_ERROR;
				GCC_WARN_UNDECLARED_SELECTOR = YES;
				GCC_WARN_UNINITIALIZED_AUTOS = YES_AGGRESSIVE;
				GCC_WARN_UNUSED_FUNCTION = YES;
				GCC_WARN_UNUSED_VARIABLE = YES;
				MACOSX_DEPLOYMENT_TARGET = 10.10;
				MTL_ENABLE_DEBUG_INFO = NO;
				SDKROOT = macosx;
			};
			name = Release;
		};
		45BBB0FF1A1022A10055232E /* Debug */ = {
			isa = XCBuildConfiguration;
			buildSettings = {
				ASSETCATALOG_COMPILER_APPICON_NAME = AppIcon;
				COMBINE_HIDPI_IMAGES = YES;
				EMBEDDED_CONTENT_CONTAINS_SWIFT = YES;
				FRAMEWORK_SEARCH_PATHS = (
					"$(inherited)",
					"/Users/Eonil/Workshop/Temp/Xcode/Derivations/EditorOnly-agulgnghqmveohddrgfpgnwqvxjd/Build/Products/Debug",
				);
				INFOPLIST_FILE = Sources/Info.plist;
				LD_RUNPATH_SEARCH_PATHS = "$(inherited) @executable_path/../Frameworks";
				PRODUCT_NAME = Editor;
			};
			name = Debug;
		};
		45BBB1001A1022A10055232E /* Release */ = {
			isa = XCBuildConfiguration;
			buildSettings = {
				ASSETCATALOG_COMPILER_APPICON_NAME = AppIcon;
				COMBINE_HIDPI_IMAGES = YES;
				EMBEDDED_CONTENT_CONTAINS_SWIFT = YES;
				FRAMEWORK_SEARCH_PATHS = (
					"$(inherited)",
					"/Users/Eonil/Workshop/Temp/Xcode/Derivations/EditorOnly-agulgnghqmveohddrgfpgnwqvxjd/Build/Products/Debug",
				);
				INFOPLIST_FILE = Sources/Info.plist;
				LD_RUNPATH_SEARCH_PATHS = "$(inherited) @executable_path/../Frameworks";
				PRODUCT_NAME = Editor;
			};
			name = Release;
		};
/* End XCBuildConfiguration section */

/* Begin XCConfigurationList section */
		453857311A622D0000DC693D /* Build configuration list for PBXNativeTarget "UnitTests" */ = {
			isa = XCConfigurationList;
			buildConfigurations = (
				453857201A622D0000DC693D /* Debug */,
				453857211A622D0000DC693D /* Release */,
			);
			defaultConfigurationIsVisible = 0;
			defaultConfigurationName = Release;
		};
		45BBB0DF1A1022A10055232E /* Build configuration list for PBXProject "Editor" */ = {
			isa = XCConfigurationList;
			buildConfigurations = (
				45BBB0FC1A1022A10055232E /* Debug */,
				45BBB0FD1A1022A10055232E /* Release */,
			);
			defaultConfigurationIsVisible = 0;
			defaultConfigurationName = Release;
		};
		45BBB0FE1A1022A10055232E /* Build configuration list for PBXNativeTarget "Editor" */ = {
			isa = XCConfigurationList;
			buildConfigurations = (
				45BBB0FF1A1022A10055232E /* Debug */,
				45BBB1001A1022A10055232E /* Release */,
			);
			defaultConfigurationIsVisible = 0;
			defaultConfigurationName = Release;
		};
/* End XCConfigurationList section */
	};
	rootObject = 45BBB0DC1A1022A10055232E /* Project object */;
}
