// !$*UTF8*$!
{
	archiveVersion = 1;
	classes = {
	};
	objectVersion = 46;
	objects = {

/* Begin PBXBuildFile section */
		4510E9F61B12C870005824AB /* EditorToolComponents.framework in Frameworks */ = {isa = PBXBuildFile; fileRef = 4510E9E91B12BF78005824AB /* EditorToolComponents.framework */; };
		451B561E1B1B4374006C4879 /* _Project.swift in Sources */ = {isa = PBXBuildFile; fileRef = 451B561D1B1B4374006C4879 /* _Project.swift */; };
		451B56201B1B437A006C4879 /* Workspace.swift in Sources */ = {isa = PBXBuildFile; fileRef = 451B561F1B1B437A006C4879 /* Workspace.swift */; };
		456593CE1B3235A4007CC1F3 /* Package.swift in Sources */ = {isa = PBXBuildFile; fileRef = 456593CD1B3235A4007CC1F3 /* Package.swift */; };
		45669F811B3EA2DC00666D54 /* Channels.swift in Sources */ = {isa = PBXBuildFile; fileRef = 45669F801B3EA2DC00666D54 /* Channels.swift */; };
		4567DBE61B1F3EA4003E26CD /* Racer.swift in Sources */ = {isa = PBXBuildFile; fileRef = 4567DBE51B1F3EA4003E26CD /* Racer.swift */; };
		4567DBE91B1F3EBF003E26CD /* Cargo.swift in Sources */ = {isa = PBXBuildFile; fileRef = 4567DBE81B1F3EBF003E26CD /* Cargo.swift */; };
		4571A74B1B1B761100A7911B /* Utility.swift in Sources */ = {isa = PBXBuildFile; fileRef = 4571A74A1B1B761100A7911B /* Utility.swift */; };
		4571A77E1B1CB4AB00A7911B /* Toolbox.swift in Sources */ = {isa = PBXBuildFile; fileRef = 4571A77D1B1CB4AB00A7911B /* Toolbox.swift */; };
		4571A7881B1CB4D500A7911B /* Editing.swift in Sources */ = {isa = PBXBuildFile; fileRef = 4571A7871B1CB4D500A7911B /* Editing.swift */; };
		4571A78A1B1CB4EE00A7911B /* Console.swift in Sources */ = {isa = PBXBuildFile; fileRef = 4571A7891B1CB4EE00A7911B /* Console.swift */; };
		4596D1731B2C52B600B77907 /* Channeling.swift in Sources */ = {isa = PBXBuildFile; fileRef = 4596D1721B2C52B500B77907 /* Channeling.swift */; };
		4598BFAF1B3FD92E00D07B63 /* SignalGraph.framework in Frameworks */ = {isa = PBXBuildFile; fileRef = 45669F771B3E9C7700666D54 /* SignalGraph.framework */; };
		45DD92A91B1DF8CD00A0BE6A /* Debugger.swift in Sources */ = {isa = PBXBuildFile; fileRef = 45DD92A81B1DF8CD00A0BE6A /* Debugger.swift */; };
		45DD92AB1B1DF9E900A0BE6A /* _WorkspaceDebuggingController.swift in Sources */ = {isa = PBXBuildFile; fileRef = 45DD92AA1B1DF9E900A0BE6A /* _WorkspaceDebuggingController.swift */; };
		45DD92C11B1DFC1600A0BE6A /* LLDBWrapper.framework in Frameworks */ = {isa = PBXBuildFile; fileRef = 45DD92B61B1DFC1300A0BE6A /* LLDBWrapper.framework */; };
		45DD930E1B1E08FA00A0BE6A /* EditorDebuggingFeature.framework in Frameworks */ = {isa = PBXBuildFile; fileRef = 45DD93071B1E08F200A0BE6A /* EditorDebuggingFeature.framework */; };
		45F82CA41B25D8E300A78AF5 /* xChannels.swift in Sources */ = {isa = PBXBuildFile; fileRef = 45F82CA31B25D8E300A78AF5 /* xChannels.swift */; };
/* End PBXBuildFile section */

/* Begin PBXContainerItemProxy section */
		4510E9E81B12BF78005824AB /* PBXContainerItemProxy */ = {
			isa = PBXContainerItemProxy;
			containerPortal = 4510E9E21B12BF77005824AB /* EditorToolComponents.xcodeproj */;
			proxyType = 2;
			remoteGlobalIDString = 45C913061A8C811200B15F9F;
			remoteInfo = EditorToolComponents;
		};
		4510E9EA1B12BF78005824AB /* PBXContainerItemProxy */ = {
			isa = PBXContainerItemProxy;
			containerPortal = 4510E9E21B12BF77005824AB /* EditorToolComponents.xcodeproj */;
			proxyType = 2;
			remoteGlobalIDString = 45C913781A8C819200B15F9F;
			remoteInfo = Workbench;
		};
		4510E9EC1B12BF78005824AB /* PBXContainerItemProxy */ = {
			isa = PBXContainerItemProxy;
			containerPortal = 4510E9E21B12BF77005824AB /* EditorToolComponents.xcodeproj */;
			proxyType = 2;
			remoteGlobalIDString = 45C913A51A8C81C700B15F9F;
			remoteInfo = UnitTests;
		};
		45669F761B3E9C7700666D54 /* PBXContainerItemProxy */ = {
			isa = PBXContainerItemProxy;
			containerPortal = 4510E84B1B1212F6005824AB /* SignalGraph.xcodeproj */;
			proxyType = 2;
			remoteGlobalIDString = 457A3D761B3E29B400FFF5A1;
			remoteInfo = SignalGraph;
		};
		45669F781B3E9C7700666D54 /* PBXContainerItemProxy */ = {
			isa = PBXContainerItemProxy;
			containerPortal = 4510E84B1B1212F6005824AB /* SignalGraph.xcodeproj */;
			proxyType = 2;
			remoteGlobalIDString = 457A3D801B3E29B400FFF5A1;
			remoteInfo = SignalGraphTest;
		};
		45669F7A1B3E9C7700666D54 /* PBXContainerItemProxy */ = {
			isa = PBXContainerItemProxy;
			containerPortal = 4510E84B1B1212F6005824AB /* SignalGraph.xcodeproj */;
			proxyType = 2;
			remoteGlobalIDString = 453718A91B3AD93500160463;
			remoteInfo = SignalGraphTestRun;
		};
		45669F7C1B3E9C7700666D54 /* PBXContainerItemProxy */ = {
			isa = PBXContainerItemProxy;
			containerPortal = 4510E84B1B1212F6005824AB /* SignalGraph.xcodeproj */;
			proxyType = 2;
			remoteGlobalIDString = 457A3DBF1B3E2B7800FFF5A1;
			remoteInfo = SignalGraphMobile;
		};
		45669F7E1B3E9C7700666D54 /* PBXContainerItemProxy */ = {
			isa = PBXContainerItemProxy;
			containerPortal = 4510E84B1B1212F6005824AB /* SignalGraph.xcodeproj */;
			proxyType = 2;
			remoteGlobalIDString = 457A3DC91B3E2B7900FFF5A1;
			remoteInfo = SignalGraphTestMobile;
		};
		45DD92B51B1DFC1300A0BE6A /* PBXContainerItemProxy */ = {
			isa = PBXContainerItemProxy;
			containerPortal = 45DD92AC1B1DFC1200A0BE6A /* LLDBWrapper.xcodeproj */;
			proxyType = 2;
			remoteGlobalIDString = 45A0FB76199FBA9C0020D59D;
			remoteInfo = LLDBWrapper;
		};
		45DD92B71B1DFC1300A0BE6A /* PBXContainerItemProxy */ = {
			isa = PBXContainerItemProxy;
			containerPortal = 45DD92AC1B1DFC1200A0BE6A /* LLDBWrapper.xcodeproj */;
			proxyType = 2;
			remoteGlobalIDString = 45C993271A6E5D4A00BA2BC4;
			remoteInfo = Workbench1;
		};
		45DD92B91B1DFC1300A0BE6A /* PBXContainerItemProxy */ = {
			isa = PBXContainerItemProxy;
			containerPortal = 45DD92AC1B1DFC1200A0BE6A /* LLDBWrapper.xcodeproj */;
			proxyType = 2;
			remoteGlobalIDString = 45C9934E1A6E5DF700BA2BC4;
			remoteInfo = SampleProgram3;
		};
		45DD92BB1B1DFC1300A0BE6A /* PBXContainerItemProxy */ = {
			isa = PBXContainerItemProxy;
			containerPortal = 45DD92AC1B1DFC1200A0BE6A /* LLDBWrapper.xcodeproj */;
			proxyType = 2;
			remoteGlobalIDString = 45AED2C51A751B35002F83AB;
			remoteInfo = SampleProgram4;
		};
		45DD92BD1B1DFC1300A0BE6A /* PBXContainerItemProxy */ = {
			isa = PBXContainerItemProxy;
			containerPortal = 45DD92AC1B1DFC1200A0BE6A /* LLDBWrapper.xcodeproj */;
			proxyType = 2;
			remoteGlobalIDString = 45C511511A7954F20055DC1D;
			remoteInfo = Workbench2;
		};
		45DD92BF1B1DFC1300A0BE6A /* PBXContainerItemProxy */ = {
			isa = PBXContainerItemProxy;
			containerPortal = 45DD92AC1B1DFC1200A0BE6A /* LLDBWrapper.xcodeproj */;
			proxyType = 2;
			remoteGlobalIDString = 45E5EF211A7E6817009967D2;
			remoteInfo = TestdriveApp;
		};
		45DD93061B1E08F200A0BE6A /* PBXContainerItemProxy */ = {
			isa = PBXContainerItemProxy;
			containerPortal = 45DD92FF1B1E08F200A0BE6A /* EditorDebuggingFeature.xcodeproj */;
			proxyType = 2;
			remoteGlobalIDString = 45EF0B891A6C942600215F12;
			remoteInfo = EditorDebuggingFeature;
		};
		45DD93081B1E08F200A0BE6A /* PBXContainerItemProxy */ = {
			isa = PBXContainerItemProxy;
			containerPortal = 45DD92FF1B1E08F200A0BE6A /* EditorDebuggingFeature.xcodeproj */;
			proxyType = 2;
			remoteGlobalIDString = 45EF0BEC1A6C961C00215F12;
			remoteInfo = WorkbenchApp;
		};
		45DD930A1B1E08F200A0BE6A /* PBXContainerItemProxy */ = {
			isa = PBXContainerItemProxy;
			containerPortal = 45DD92FF1B1E08F200A0BE6A /* EditorDebuggingFeature.xcodeproj */;
			proxyType = 2;
			remoteGlobalIDString = 45EF0C111A6C965600215F12;
			remoteInfo = Sample1;
		};
		45DD930C1B1E08F200A0BE6A /* PBXContainerItemProxy */ = {
			isa = PBXContainerItemProxy;
			containerPortal = 45DD92FF1B1E08F200A0BE6A /* EditorDebuggingFeature.xcodeproj */;
			proxyType = 2;
			remoteGlobalIDString = 450272071A7F577D008795CC;
			remoteInfo = WorkbenchApp2;
		};
/* End PBXContainerItemProxy section */

/* Begin PBXFileReference section */
		4510E8121B12107C005824AB /* EditorModel.framework */ = {isa = PBXFileReference; explicitFileType = wrapper.framework; includeInIndex = 0; path = EditorModel.framework; sourceTree = BUILT_PRODUCTS_DIR; };
		4510E8161B12107C005824AB /* Info.plist */ = {isa = PBXFileReference; lastKnownFileType = text.plist.xml; path = Info.plist; sourceTree = "<group>"; };
		4510E84B1B1212F6005824AB /* SignalGraph.xcodeproj */ = {isa = PBXFileReference; lastKnownFileType = "wrapper.pb-project"; name = SignalGraph.xcodeproj; path = ../../Submodules/SignalGraph.Swift/SignalGraph.xcodeproj; sourceTree = "<group>"; };
		4510E9E21B12BF77005824AB /* EditorToolComponents.xcodeproj */ = {isa = PBXFileReference; lastKnownFileType = "wrapper.pb-project"; name = EditorToolComponents.xcodeproj; path = ../EditorToolComponents/EditorToolComponents.xcodeproj; sourceTree = "<group>"; };
		451B561D1B1B4374006C4879 /* _Project.swift */ = {isa = PBXFileReference; fileEncoding = 4; lastKnownFileType = sourcecode.swift; path = _Project.swift; sourceTree = "<group>"; };
		451B561F1B1B437A006C4879 /* Workspace.swift */ = {isa = PBXFileReference; fileEncoding = 4; lastKnownFileType = sourcecode.swift; path = Workspace.swift; sourceTree = "<group>"; };
		456593CD1B3235A4007CC1F3 /* Package.swift */ = {isa = PBXFileReference; fileEncoding = 4; lastKnownFileType = sourcecode.swift; path = Package.swift; sourceTree = "<group>"; };
		45669F801B3EA2DC00666D54 /* Channels.swift */ = {isa = PBXFileReference; fileEncoding = 4; lastKnownFileType = sourcecode.swift; path = Channels.swift; sourceTree = "<group>"; };
		4567DBE51B1F3EA4003E26CD /* Racer.swift */ = {isa = PBXFileReference; fileEncoding = 4; lastKnownFileType = sourcecode.swift; path = Racer.swift; sourceTree = "<group>"; };
		4567DBE81B1F3EBF003E26CD /* Cargo.swift */ = {isa = PBXFileReference; fileEncoding = 4; lastKnownFileType = sourcecode.swift; path = Cargo.swift; sourceTree = "<group>"; };
		4567DC461B203F06003E26CD /* README.md */ = {isa = PBXFileReference; fileEncoding = 4; lastKnownFileType = net.daringfireball.markdown; path = README.md; sourceTree = "<group>"; };
		4571A74A1B1B761100A7911B /* Utility.swift */ = {isa = PBXFileReference; fileEncoding = 4; lastKnownFileType = sourcecode.swift; path = Utility.swift; sourceTree = "<group>"; };
		4571A77D1B1CB4AB00A7911B /* Toolbox.swift */ = {isa = PBXFileReference; fileEncoding = 4; lastKnownFileType = sourcecode.swift; path = Toolbox.swift; sourceTree = "<group>"; };
		4571A7871B1CB4D500A7911B /* Editing.swift */ = {isa = PBXFileReference; fileEncoding = 4; lastKnownFileType = sourcecode.swift; path = Editing.swift; sourceTree = "<group>"; };
		4571A7891B1CB4EE00A7911B /* Console.swift */ = {isa = PBXFileReference; fileEncoding = 4; lastKnownFileType = sourcecode.swift; path = Console.swift; sourceTree = "<group>"; };
		4596D1721B2C52B500B77907 /* Channeling.swift */ = {isa = PBXFileReference; fileEncoding = 4; lastKnownFileType = sourcecode.swift; path = Channeling.swift; sourceTree = "<group>"; };
		45DD92A81B1DF8CD00A0BE6A /* Debugger.swift */ = {isa = PBXFileReference; fileEncoding = 4; lastKnownFileType = sourcecode.swift; path = Debugger.swift; sourceTree = "<group>"; };
		45DD92AA1B1DF9E900A0BE6A /* _WorkspaceDebuggingController.swift */ = {isa = PBXFileReference; fileEncoding = 4; lastKnownFileType = sourcecode.swift; path = _WorkspaceDebuggingController.swift; sourceTree = "<group>"; };
		45DD92AC1B1DFC1200A0BE6A /* LLDBWrapper.xcodeproj */ = {isa = PBXFileReference; lastKnownFileType = "wrapper.pb-project"; name = LLDBWrapper.xcodeproj; path = ../LLDBWrapper/LLDBWrapper.xcodeproj; sourceTree = "<group>"; };
		45DD92FF1B1E08F200A0BE6A /* EditorDebuggingFeature.xcodeproj */ = {isa = PBXFileReference; lastKnownFileType = "wrapper.pb-project"; name = EditorDebuggingFeature.xcodeproj; path = ../EditorDebuggingFeature/EditorDebuggingFeature.xcodeproj; sourceTree = "<group>"; };
		45F82CA31B25D8E300A78AF5 /* xChannels.swift */ = {isa = PBXFileReference; fileEncoding = 4; lastKnownFileType = sourcecode.swift; path = xChannels.swift; sourceTree = "<group>"; };
/* End PBXFileReference section */

/* Begin PBXFrameworksBuildPhase section */
		4510E80E1B12107C005824AB /* Frameworks */ = {
			isa = PBXFrameworksBuildPhase;
			buildActionMask = 2147483647;
			files = (
				4598BFAF1B3FD92E00D07B63 /* SignalGraph.framework in Frameworks */,
				45DD930E1B1E08FA00A0BE6A /* EditorDebuggingFeature.framework in Frameworks */,
				45DD92C11B1DFC1600A0BE6A /* LLDBWrapper.framework in Frameworks */,
				4510E9F61B12C870005824AB /* EditorToolComponents.framework in Frameworks */,
			);
			runOnlyForDeploymentPostprocessing = 0;
		};
/* End PBXFrameworksBuildPhase section */

/* Begin PBXGroup section */
		4510E8081B12107C005824AB = {
			isa = PBXGroup;
			children = (
				4567DC461B203F06003E26CD /* README.md */,
				4510E8141B12107C005824AB /* EditorModel */,
				4510E84B1B1212F6005824AB /* SignalGraph.xcodeproj */,
				4510E9E21B12BF77005824AB /* EditorToolComponents.xcodeproj */,
				45DD92FF1B1E08F200A0BE6A /* EditorDebuggingFeature.xcodeproj */,
				45DD92AC1B1DFC1200A0BE6A /* LLDBWrapper.xcodeproj */,
				4510E8131B12107C005824AB /* Products */,
			);
			sourceTree = "<group>";
		};
		4510E8131B12107C005824AB /* Products */ = {
			isa = PBXGroup;
			children = (
				4510E8121B12107C005824AB /* EditorModel.framework */,
			);
			name = Products;
			sourceTree = "<group>";
		};
		4510E8141B12107C005824AB /* EditorModel */ = {
			isa = PBXGroup;
			children = (
				45669F801B3EA2DC00666D54 /* Channels.swift */,
				45F82CA31B25D8E300A78AF5 /* xChannels.swift */,
				451B561F1B1B437A006C4879 /* Workspace.swift */,
				4567DBE21B1F3DE4003E26CD /* (children of workspace) */,
				4571A74A1B1B761100A7911B /* Utility.swift */,
				4596D1861B2C52B800B77907 /* (ad-hoc placement) */,
				4567DBEA1B1F3F5C003E26CD /* (junkyard) */,
				4510E8161B12107C005824AB /* Info.plist */,
			);
			path = EditorModel;
			sourceTree = "<group>";
		};
		4510E9E31B12BF77005824AB /* Products */ = {
			isa = PBXGroup;
			children = (
				4510E9E91B12BF78005824AB /* EditorToolComponents.framework */,
				4510E9EB1B12BF78005824AB /* Workbench.app */,
				4510E9ED1B12BF78005824AB /* UnitTests.app */,
			);
			name = Products;
			sourceTree = "<group>";
		};
		45669F621B3E9C7700666D54 /* Products */ = {
			isa = PBXGroup;
			children = (
				45669F771B3E9C7700666D54 /* SignalGraph.framework */,
				45669F791B3E9C7700666D54 /* SignalGraphTest.xctest */,
				45669F7B1B3E9C7700666D54 /* SignalGraph */,
				45669F7D1B3E9C7700666D54 /* SignalGraphMobile.framework */,
				45669F7F1B3E9C7700666D54 /* SignalGraphTestMobile.xctest */,
			);
			name = Products;
			sourceTree = "<group>";
		};
		4567DBE21B1F3DE4003E26CD /* (children of workspace) */ = {
			isa = PBXGroup;
			children = (
				456593CD1B3235A4007CC1F3 /* Package.swift */,
				4571A7871B1CB4D500A7911B /* Editing.swift */,
				4571A77D1B1CB4AB00A7911B /* Toolbox.swift */,
				4567DBE71B1F3EB0003E26CD /* (children of toolbox) */,
				45DD92A81B1DF8CD00A0BE6A /* Debugger.swift */,
				4571A7891B1CB4EE00A7911B /* Console.swift */,
			);
			name = "(children of workspace)";
			sourceTree = "<group>";
		};
		4567DBE71B1F3EB0003E26CD /* (children of toolbox) */ = {
			isa = PBXGroup;
			children = (
				4567DBE51B1F3EA4003E26CD /* Racer.swift */,
				4567DBE81B1F3EBF003E26CD /* Cargo.swift */,
			);
			name = "(children of toolbox)";
			sourceTree = "<group>";
		};
		4567DBEA1B1F3F5C003E26CD /* (junkyard) */ = {
			isa = PBXGroup;
			children = (
				45DD92AA1B1DF9E900A0BE6A /* _WorkspaceDebuggingController.swift */,
				451B561D1B1B4374006C4879 /* _Project.swift */,
			);
			name = "(junkyard)";
			sourceTree = "<group>";
		};
		4596D1861B2C52B800B77907 /* (ad-hoc placement) */ = {
			isa = PBXGroup;
			children = (
				4596D1721B2C52B500B77907 /* Channeling.swift */,
			);
			name = "(ad-hoc placement)";
			sourceTree = "<group>";
		};
		45DD92AD1B1DFC1200A0BE6A /* Products */ = {
			isa = PBXGroup;
			children = (
				45DD92B61B1DFC1300A0BE6A /* LLDBWrapper.framework */,
				45DD92B81B1DFC1300A0BE6A /* Workbench1.app */,
				45DD92BA1B1DFC1300A0BE6A /* SampleProgram3 */,
				45DD92BC1B1DFC1300A0BE6A /* SampleProgram4.app */,
				45DD92BE1B1DFC1300A0BE6A /* Workbench2.app */,
				45DD92C01B1DFC1300A0BE6A /* TestdriveApp.app */,
			);
			name = Products;
			sourceTree = "<group>";
		};
		45DD93001B1E08F200A0BE6A /* Products */ = {
			isa = PBXGroup;
			children = (
				45DD93071B1E08F200A0BE6A /* EditorDebuggingFeature.framework */,
				45DD93091B1E08F200A0BE6A /* WorkbenchApp.app */,
				45DD930B1B1E08F200A0BE6A /* Sample1 */,
				45DD930D1B1E08F200A0BE6A /* WorkbenchApp2.app */,
			);
			name = Products;
			sourceTree = "<group>";
		};
/* End PBXGroup section */

/* Begin PBXHeadersBuildPhase section */
		4510E80F1B12107C005824AB /* Headers */ = {
			isa = PBXHeadersBuildPhase;
			buildActionMask = 2147483647;
			files = (
			);
			runOnlyForDeploymentPostprocessing = 0;
		};
/* End PBXHeadersBuildPhase section */

/* Begin PBXNativeTarget section */
		4510E8111B12107C005824AB /* EditorModel */ = {
			isa = PBXNativeTarget;
			buildConfigurationList = 4510E8281B12107C005824AB /* Build configuration list for PBXNativeTarget "EditorModel" */;
			buildPhases = (
				4510E80D1B12107C005824AB /* Sources */,
				4510E80E1B12107C005824AB /* Frameworks */,
				4510E80F1B12107C005824AB /* Headers */,
				4510E8101B12107C005824AB /* Resources */,
			);
			buildRules = (
			);
			dependencies = (
			);
			name = EditorModel;
			productName = EditorModel;
			productReference = 4510E8121B12107C005824AB /* EditorModel.framework */;
			productType = "com.apple.product-type.framework";
		};
/* End PBXNativeTarget section */

/* Begin PBXProject section */
		4510E8091B12107C005824AB /* Project object */ = {
			isa = PBXProject;
			attributes = {
				LastSwiftUpdateCheck = 0700;
				LastUpgradeCheck = 0630;
				ORGANIZATIONNAME = Eonil;
				TargetAttributes = {
					4510E8111B12107C005824AB = {
						CreatedOnToolsVersion = 6.3.2;
					};
				};
			};
			buildConfigurationList = 4510E80C1B12107C005824AB /* Build configuration list for PBXProject "EditorModel" */;
			compatibilityVersion = "Xcode 3.2";
			developmentRegion = English;
			hasScannedForEncodings = 0;
			knownRegions = (
				en,
			);
			mainGroup = 4510E8081B12107C005824AB;
			productRefGroup = 4510E8131B12107C005824AB /* Products */;
			projectDirPath = "";
			projectReferences = (
				{
					ProductGroup = 45DD93001B1E08F200A0BE6A /* Products */;
					ProjectRef = 45DD92FF1B1E08F200A0BE6A /* EditorDebuggingFeature.xcodeproj */;
				},
				{
					ProductGroup = 4510E9E31B12BF77005824AB /* Products */;
					ProjectRef = 4510E9E21B12BF77005824AB /* EditorToolComponents.xcodeproj */;
				},
				{
					ProductGroup = 45DD92AD1B1DFC1200A0BE6A /* Products */;
					ProjectRef = 45DD92AC1B1DFC1200A0BE6A /* LLDBWrapper.xcodeproj */;
				},
				{
					ProductGroup = 45669F621B3E9C7700666D54 /* Products */;
					ProjectRef = 4510E84B1B1212F6005824AB /* SignalGraph.xcodeproj */;
				},
			);
			projectRoot = "";
			targets = (
				4510E8111B12107C005824AB /* EditorModel */,
			);
		};
/* End PBXProject section */

/* Begin PBXReferenceProxy section */
		4510E9E91B12BF78005824AB /* EditorToolComponents.framework */ = {
			isa = PBXReferenceProxy;
			fileType = wrapper.framework;
			path = EditorToolComponents.framework;
			remoteRef = 4510E9E81B12BF78005824AB /* PBXContainerItemProxy */;
			sourceTree = BUILT_PRODUCTS_DIR;
		};
		4510E9EB1B12BF78005824AB /* Workbench.app */ = {
			isa = PBXReferenceProxy;
			fileType = wrapper.application;
			path = Workbench.app;
			remoteRef = 4510E9EA1B12BF78005824AB /* PBXContainerItemProxy */;
			sourceTree = BUILT_PRODUCTS_DIR;
		};
		4510E9ED1B12BF78005824AB /* UnitTests.app */ = {
			isa = PBXReferenceProxy;
			fileType = wrapper.application;
			path = UnitTests.app;
			remoteRef = 4510E9EC1B12BF78005824AB /* PBXContainerItemProxy */;
			sourceTree = BUILT_PRODUCTS_DIR;
		};
		45669F771B3E9C7700666D54 /* SignalGraph.framework */ = {
			isa = PBXReferenceProxy;
			fileType = wrapper.framework;
			path = SignalGraph.framework;
			remoteRef = 45669F761B3E9C7700666D54 /* PBXContainerItemProxy */;
			sourceTree = BUILT_PRODUCTS_DIR;
		};
		45669F791B3E9C7700666D54 /* SignalGraphTest.xctest */ = {
			isa = PBXReferenceProxy;
			fileType = wrapper.cfbundle;
			path = SignalGraphTest.xctest;
			remoteRef = 45669F781B3E9C7700666D54 /* PBXContainerItemProxy */;
			sourceTree = BUILT_PRODUCTS_DIR;
		};
		45669F7B1B3E9C7700666D54 /* SignalGraph */ = {
			isa = PBXReferenceProxy;
			fileType = "compiled.mach-o.executable";
			path = SignalGraph;
			remoteRef = 45669F7A1B3E9C7700666D54 /* PBXContainerItemProxy */;
			sourceTree = BUILT_PRODUCTS_DIR;
		};
		45669F7D1B3E9C7700666D54 /* SignalGraphMobile.framework */ = {
			isa = PBXReferenceProxy;
			fileType = wrapper.framework;
			path = SignalGraphMobile.framework;
			remoteRef = 45669F7C1B3E9C7700666D54 /* PBXContainerItemProxy */;
			sourceTree = BUILT_PRODUCTS_DIR;
		};
		45669F7F1B3E9C7700666D54 /* SignalGraphTestMobile.xctest */ = {
			isa = PBXReferenceProxy;
			fileType = wrapper.cfbundle;
			path = SignalGraphTestMobile.xctest;
			remoteRef = 45669F7E1B3E9C7700666D54 /* PBXContainerItemProxy */;
			sourceTree = BUILT_PRODUCTS_DIR;
		};
		45DD92B61B1DFC1300A0BE6A /* LLDBWrapper.framework */ = {
			isa = PBXReferenceProxy;
			fileType = wrapper.framework;
			path = LLDBWrapper.framework;
			remoteRef = 45DD92B51B1DFC1300A0BE6A /* PBXContainerItemProxy */;
			sourceTree = BUILT_PRODUCTS_DIR;
		};
		45DD92B81B1DFC1300A0BE6A /* Workbench1.app */ = {
			isa = PBXReferenceProxy;
			fileType = wrapper.application;
			path = Workbench1.app;
			remoteRef = 45DD92B71B1DFC1300A0BE6A /* PBXContainerItemProxy */;
			sourceTree = BUILT_PRODUCTS_DIR;
		};
		45DD92BA1B1DFC1300A0BE6A /* SampleProgram3 */ = {
			isa = PBXReferenceProxy;
			fileType = "compiled.mach-o.executable";
			path = SampleProgram3;
			remoteRef = 45DD92B91B1DFC1300A0BE6A /* PBXContainerItemProxy */;
			sourceTree = BUILT_PRODUCTS_DIR;
		};
		45DD92BC1B1DFC1300A0BE6A /* SampleProgram4.app */ = {
			isa = PBXReferenceProxy;
			fileType = wrapper.application;
			path = SampleProgram4.app;
			remoteRef = 45DD92BB1B1DFC1300A0BE6A /* PBXContainerItemProxy */;
			sourceTree = BUILT_PRODUCTS_DIR;
		};
		45DD92BE1B1DFC1300A0BE6A /* Workbench2.app */ = {
			isa = PBXReferenceProxy;
			fileType = wrapper.application;
			path = Workbench2.app;
			remoteRef = 45DD92BD1B1DFC1300A0BE6A /* PBXContainerItemProxy */;
			sourceTree = BUILT_PRODUCTS_DIR;
		};
		45DD92C01B1DFC1300A0BE6A /* TestdriveApp.app */ = {
			isa = PBXReferenceProxy;
			fileType = wrapper.application;
			path = TestdriveApp.app;
			remoteRef = 45DD92BF1B1DFC1300A0BE6A /* PBXContainerItemProxy */;
			sourceTree = BUILT_PRODUCTS_DIR;
		};
		45DD93071B1E08F200A0BE6A /* EditorDebuggingFeature.framework */ = {
			isa = PBXReferenceProxy;
			fileType = wrapper.framework;
			path = EditorDebuggingFeature.framework;
			remoteRef = 45DD93061B1E08F200A0BE6A /* PBXContainerItemProxy */;
			sourceTree = BUILT_PRODUCTS_DIR;
		};
		45DD93091B1E08F200A0BE6A /* WorkbenchApp.app */ = {
			isa = PBXReferenceProxy;
			fileType = wrapper.application;
			path = WorkbenchApp.app;
			remoteRef = 45DD93081B1E08F200A0BE6A /* PBXContainerItemProxy */;
			sourceTree = BUILT_PRODUCTS_DIR;
		};
		45DD930B1B1E08F200A0BE6A /* Sample1 */ = {
			isa = PBXReferenceProxy;
			fileType = "compiled.mach-o.executable";
			path = Sample1;
			remoteRef = 45DD930A1B1E08F200A0BE6A /* PBXContainerItemProxy */;
			sourceTree = BUILT_PRODUCTS_DIR;
		};
		45DD930D1B1E08F200A0BE6A /* WorkbenchApp2.app */ = {
			isa = PBXReferenceProxy;
			fileType = wrapper.application;
			path = WorkbenchApp2.app;
			remoteRef = 45DD930C1B1E08F200A0BE6A /* PBXContainerItemProxy */;
			sourceTree = BUILT_PRODUCTS_DIR;
		};
/* End PBXReferenceProxy section */

/* Begin PBXResourcesBuildPhase section */
		4510E8101B12107C005824AB /* Resources */ = {
			isa = PBXResourcesBuildPhase;
			buildActionMask = 2147483647;
			files = (
			);
			runOnlyForDeploymentPostprocessing = 0;
		};
/* End PBXResourcesBuildPhase section */

/* Begin PBXSourcesBuildPhase section */
		4510E80D1B12107C005824AB /* Sources */ = {
			isa = PBXSourcesBuildPhase;
			buildActionMask = 2147483647;
			files = (
				4567DBE91B1F3EBF003E26CD /* Cargo.swift in Sources */,
				45F82CA41B25D8E300A78AF5 /* xChannels.swift in Sources */,
				45DD92A91B1DF8CD00A0BE6A /* Debugger.swift in Sources */,
				4571A74B1B1B761100A7911B /* Utility.swift in Sources */,
				4567DBE61B1F3EA4003E26CD /* Racer.swift in Sources */,
				456593CE1B3235A4007CC1F3 /* Package.swift in Sources */,
				451B56201B1B437A006C4879 /* Workspace.swift in Sources */,
				4596D1731B2C52B600B77907 /* Channeling.swift in Sources */,
				4571A7881B1CB4D500A7911B /* Editing.swift in Sources */,
				4571A77E1B1CB4AB00A7911B /* Toolbox.swift in Sources */,
				45DD92AB1B1DF9E900A0BE6A /* _WorkspaceDebuggingController.swift in Sources */,
				451B561E1B1B4374006C4879 /* _Project.swift in Sources */,
				4571A78A1B1CB4EE00A7911B /* Console.swift in Sources */,
				45669F811B3EA2DC00666D54 /* Channels.swift in Sources */,
			);
			runOnlyForDeploymentPostprocessing = 0;
		};
/* End PBXSourcesBuildPhase section */

/* Begin XCBuildConfiguration section */
		4510E8261B12107C005824AB /* Debug */ = {
			isa = XCBuildConfiguration;
			buildSettings = {
				ALWAYS_SEARCH_USER_PATHS = NO;
				CLANG_CXX_LANGUAGE_STANDARD = "gnu++0x";
				CLANG_CXX_LIBRARY = "libc++";
				CLANG_ENABLE_MODULES = YES;
				CLANG_ENABLE_OBJC_ARC = YES;
				CLANG_WARN_BOOL_CONVERSION = YES;
				CLANG_WARN_CONSTANT_CONVERSION = YES;
				CLANG_WARN_DIRECT_OBJC_ISA_USAGE = YES_ERROR;
				CLANG_WARN_EMPTY_BODY = YES;
				CLANG_WARN_ENUM_CONVERSION = YES;
				CLANG_WARN_INT_CONVERSION = YES;
				CLANG_WARN_OBJC_ROOT_CLASS = YES_ERROR;
				CLANG_WARN_UNREACHABLE_CODE = YES;
				CLANG_WARN__DUPLICATE_METHOD_MATCH = YES;
				COPY_PHASE_STRIP = NO;
				CURRENT_PROJECT_VERSION = 1;
				DEBUG_INFORMATION_FORMAT = dwarf;
				ENABLE_STRICT_OBJC_MSGSEND = YES;
				GCC_C_LANGUAGE_STANDARD = gnu99;
				GCC_DYNAMIC_NO_PIC = NO;
				GCC_NO_COMMON_BLOCKS = YES;
				GCC_OPTIMIZATION_LEVEL = 0;
				GCC_PREPROCESSOR_DEFINITIONS = (
					"DEBUG=1",
					"$(inherited)",
				);
				GCC_SYMBOLS_PRIVATE_EXTERN = NO;
				GCC_WARN_64_TO_32_BIT_CONVERSION = YES;
				GCC_WARN_ABOUT_RETURN_TYPE = YES_ERROR;
				GCC_WARN_UNDECLARED_SELECTOR = YES;
				GCC_WARN_UNINITIALIZED_AUTOS = YES_AGGRESSIVE;
				GCC_WARN_UNUSED_FUNCTION = YES;
				GCC_WARN_UNUSED_VARIABLE = YES;
				MACOSX_DEPLOYMENT_TARGET = 10.10;
				MTL_ENABLE_DEBUG_INFO = YES;
				ONLY_ACTIVE_ARCH = YES;
				SDKROOT = macosx;
				SWIFT_OPTIMIZATION_LEVEL = "-Onone";
				VERSIONING_SYSTEM = "apple-generic";
				VERSION_INFO_PREFIX = "";
			};
			name = Debug;
		};
		4510E8271B12107C005824AB /* Release */ = {
			isa = XCBuildConfiguration;
			buildSettings = {
				ALWAYS_SEARCH_USER_PATHS = NO;
				CLANG_CXX_LANGUAGE_STANDARD = "gnu++0x";
				CLANG_CXX_LIBRARY = "libc++";
				CLANG_ENABLE_MODULES = YES;
				CLANG_ENABLE_OBJC_ARC = YES;
				CLANG_WARN_BOOL_CONVERSION = YES;
				CLANG_WARN_CONSTANT_CONVERSION = YES;
				CLANG_WARN_DIRECT_OBJC_ISA_USAGE = YES_ERROR;
				CLANG_WARN_EMPTY_BODY = YES;
				CLANG_WARN_ENUM_CONVERSION = YES;
				CLANG_WARN_INT_CONVERSION = YES;
				CLANG_WARN_OBJC_ROOT_CLASS = YES_ERROR;
				CLANG_WARN_UNREACHABLE_CODE = YES;
				CLANG_WARN__DUPLICATE_METHOD_MATCH = YES;
				COPY_PHASE_STRIP = NO;
				CURRENT_PROJECT_VERSION = 1;
				DEBUG_INFORMATION_FORMAT = "dwarf-with-dsym";
				ENABLE_NS_ASSERTIONS = NO;
				ENABLE_STRICT_OBJC_MSGSEND = YES;
				GCC_C_LANGUAGE_STANDARD = gnu99;
				GCC_NO_COMMON_BLOCKS = YES;
				GCC_WARN_64_TO_32_BIT_CONVERSION = YES;
				GCC_WARN_ABOUT_RETURN_TYPE = YES_ERROR;
				GCC_WARN_UNDECLARED_SELECTOR = YES;
				GCC_WARN_UNINITIALIZED_AUTOS = YES_AGGRESSIVE;
				GCC_WARN_UNUSED_FUNCTION = YES;
				GCC_WARN_UNUSED_VARIABLE = YES;
				MACOSX_DEPLOYMENT_TARGET = 10.10;
				MTL_ENABLE_DEBUG_INFO = NO;
				SDKROOT = macosx;
				VERSIONING_SYSTEM = "apple-generic";
				VERSION_INFO_PREFIX = "";
			};
			name = Release;
		};
		4510E8291B12107C005824AB /* Debug */ = {
			isa = XCBuildConfiguration;
			buildSettings = {
				CLANG_ENABLE_MODULES = YES;
				COMBINE_HIDPI_IMAGES = YES;
				DEFINES_MODULE = YES;
				DYLIB_COMPATIBILITY_VERSION = 1;
				DYLIB_CURRENT_VERSION = 1;
				DYLIB_INSTALL_NAME_BASE = "@rpath";
				FRAMEWORK_VERSION = A;
				INFOPLIST_FILE = EditorModel/Info.plist;
				INSTALL_PATH = "$(LOCAL_LIBRARY_DIR)/Frameworks";
				LD_RUNPATH_SEARCH_PATHS = "$(inherited) @executable_path/../Frameworks @loader_path/Frameworks";
				PRODUCT_NAME = "$(TARGET_NAME)";
				SKIP_INSTALL = YES;
				SWIFT_OPTIMIZATION_LEVEL = "-Onone";
			};
			name = Debug;
		};
		4510E82A1B12107C005824AB /* Release */ = {
			isa = XCBuildConfiguration;
			buildSettings = {
				CLANG_ENABLE_MODULES = YES;
				COMBINE_HIDPI_IMAGES = YES;
				DEFINES_MODULE = YES;
				DYLIB_COMPATIBILITY_VERSION = 1;
				DYLIB_CURRENT_VERSION = 1;
				DYLIB_INSTALL_NAME_BASE = "@rpath";
				FRAMEWORK_VERSION = A;
				INFOPLIST_FILE = EditorModel/Info.plist;
				INSTALL_PATH = "$(LOCAL_LIBRARY_DIR)/Frameworks";
				LD_RUNPATH_SEARCH_PATHS = "$(inherited) @executable_path/../Frameworks @loader_path/Frameworks";
				PRODUCT_NAME = "$(TARGET_NAME)";
				SKIP_INSTALL = YES;
			};
			name = Release;
		};
/* End XCBuildConfiguration section */

/* Begin XCConfigurationList section */
		4510E80C1B12107C005824AB /* Build configuration list for PBXProject "EditorModel" */ = {
			isa = XCConfigurationList;
			buildConfigurations = (
				4510E8261B12107C005824AB /* Debug */,
				4510E8271B12107C005824AB /* Release */,
			);
			defaultConfigurationIsVisible = 0;
			defaultConfigurationName = Release;
		};
		4510E8281B12107C005824AB /* Build configuration list for PBXNativeTarget "EditorModel" */ = {
			isa = XCConfigurationList;
			buildConfigurations = (
				4510E8291B12107C005824AB /* Debug */,
				4510E82A1B12107C005824AB /* Release */,
			);
			defaultConfigurationIsVisible = 0;
			defaultConfigurationName = Release;
		};
/* End XCConfigurationList section */
	};
	rootObject = 4510E8091B12107C005824AB /* Project object */;
}
